
Microsoft Visual Studio Solution File, Format Version 11.00
# Visual Studio 2010
Project("{8BC9CEB8-8B4A-11D0-8D11-00A0C91BC942}") = "App_BulletExampleBrowser", "App_BulletExampleBrowser.vcxproj", "{30DFC413-EC27-F645-88CF-585A9D830B26}"
	ProjectSection(ProjectDependencies) = postProject
		{EDB5E572-C48F-1E46-83B0-73135876D896} = {EDB5E572-C48F-1E46-83B0-73135876D896}
		{2E6B20D0-79CE-4F49-B2F6-3B5FF0E7AB18} = {2E6B20D0-79CE-4F49-B2F6-3B5FF0E7AB18}
		{6C45B01E-35FE-844B-8E67-76044ACA4B3E} = {6C45B01E-35FE-844B-8E67-76044ACA4B3E}
		{8B799994-184F-FA4F-9BF8-4F7FC8125266} = {8B799994-184F-FA4F-9BF8-4F7FC8125266}
		{D3EB70E3-EC23-C547-A115-4D9EB71B2DBC} = {D3EB70E3-EC23-C547-A115-4D9EB71B2DBC}
		{8B92A098-8D38-2640-8E55-AC1736D9B45E} = {8B92A098-8D38-2640-8E55-AC1736D9B45E}
		{96BB55BD-93D1-DC4D-94F2-F944E2D624B0} = {96BB55BD-93D1-DC4D-94F2-F944E2D624B0}
		{1EA06E1C-B9E3-0B46-A90E-855BF472EB73} = {1EA06E1C-B9E3-0B46-A90E-855BF472EB73}
		{3DC7185C-3711-6D46-89BF-ACF038A70A57} = {3DC7185C-3711-6D46-89BF-ACF038A70A57}
		{03C21D86-C7AA-594A-A462-129E15289780} = {03C21D86-C7AA-594A-A462-129E15289780}
		{937D3DDB-B8DE-3F4E-99C5-FA855D294780} = {937D3DDB-B8DE-3F4E-99C5-FA855D294780}
		{AA39C6CA-0D3A-3349-9E40-4035BD7AD4D4} = {AA39C6CA-0D3A-3349-9E40-4035BD7AD4D4}
		{87D141EA-C697-E146-8336-1D978138A437} = {87D141EA-C697-E146-8336-1D978138A437}
		{B1FEF1A5-B570-B442-AFD0-A2A2E2FBC131} = {B1FEF1A5-B570-B442-AFD0-A2A2E2FBC131}
		{DFDE0B96-2AB5-F741-9A49-6FB70779DAA9} = {DFDE0B96-2AB5-F741-9A49-6FB70779DAA9}
	EndProjectSection
EndProject
Project("{8BC9CEB8-8B4A-11D0-8D11-00A0C91BC942}") = "BulletExampleBrowserLib", "BulletExampleBrowserLib.vcxproj", "{EDB5E572-C48F-1E46-83B0-73135876D896}"
EndProject
Project("{8BC9CEB8-8B4A-11D0-8D11-00A0C91BC942}") = "OpenGL_Window", "OpenGL_Window.vcxproj", "{6C45B01E-35FE-844B-8E67-76044ACA4B3E}"
EndProject
Project("{8BC9CEB8-8B4A-11D0-8D11-00A0C91BC942}") = "gwen", "gwen.vcxproj", "{2E6B20D0-79CE-4F49-B2F6-3B5FF0E7AB18}"
EndProject
Project("{8BC9CEB8-8B4A-11D0-8D11-00A0C91BC942}") = "App_SimpleOpenGL3", "App_SimpleOpenGL3.vcxproj", "{8C028F0C-B74D-4D4A-9919-5392CA19CF30}"
	ProjectSection(ProjectDependencies) = postProject
		{6C45B01E-35FE-844B-8E67-76044ACA4B3E} = {6C45B01E-35FE-844B-8E67-76044ACA4B3E}
		{937D3DDB-B8DE-3F4E-99C5-FA855D294780} = {937D3DDB-B8DE-3F4E-99C5-FA855D294780}
	EndProjectSection
EndProject
Project("{8BC9CEB8-8B4A-11D0-8D11-00A0C91BC942}") = "App_TinyRenderer", "App_TinyRenderer.vcxproj", "{3E71608A-7C57-EF45-8B15-1298870E8075}"
	ProjectSection(ProjectDependencies) = postProject
		{6C45B01E-35FE-844B-8E67-76044ACA4B3E} = {6C45B01E-35FE-844B-8E67-76044ACA4B3E}
		{937D3DDB-B8DE-3F4E-99C5-FA855D294780} = {937D3DDB-B8DE-3F4E-99C5-FA855D294780}
	EndProjectSection
EndProject
Project("{8BC9CEB8-8B4A-11D0-8D11-00A0C91BC942}") = "App_HelloWorld", "App_HelloWorld.vcxproj", "{09A185F8-4F38-594C-8714-8AA6846B4538}"
	ProjectSection(ProjectDependencies) = postProject
		{96BB55BD-93D1-DC4D-94F2-F944E2D624B0} = {96BB55BD-93D1-DC4D-94F2-F944E2D624B0}
		{1EA06E1C-B9E3-0B46-A90E-855BF472EB73} = {1EA06E1C-B9E3-0B46-A90E-855BF472EB73}
		{3DC7185C-3711-6D46-89BF-ACF038A70A57} = {3DC7185C-3711-6D46-89BF-ACF038A70A57}
	EndProjectSection
EndProject
Project("{8BC9CEB8-8B4A-11D0-8D11-00A0C91BC942}") = "App_BasicExample", "App_BasicExample.vcxproj", "{C84CC5EF-F8C7-2948-A9CF-31DA9571FF8F}"
	ProjectSection(ProjectDependencies) = postProject
		{96BB55BD-93D1-DC4D-94F2-F944E2D624B0} = {96BB55BD-93D1-DC4D-94F2-F944E2D624B0}
		{1EA06E1C-B9E3-0B46-A90E-855BF472EB73} = {1EA06E1C-B9E3-0B46-A90E-855BF472EB73}
		{3DC7185C-3711-6D46-89BF-ACF038A70A57} = {3DC7185C-3711-6D46-89BF-ACF038A70A57}
	EndProjectSection
EndProject
Project("{8BC9CEB8-8B4A-11D0-8D11-00A0C91BC942}") = "App_BasicExampleGui", "App_BasicExampleGui.vcxproj", "{B0220689-9159-5E43-BADF-8E8A4F373C79}"
	ProjectSection(ProjectDependencies) = postProject
		{96BB55BD-93D1-DC4D-94F2-F944E2D624B0} = {96BB55BD-93D1-DC4D-94F2-F944E2D624B0}
		{1EA06E1C-B9E3-0B46-A90E-855BF472EB73} = {1EA06E1C-B9E3-0B46-A90E-855BF472EB73}
		{3DC7185C-3711-6D46-89BF-ACF038A70A57} = {3DC7185C-3711-6D46-89BF-ACF038A70A57}
		{6C45B01E-35FE-844B-8E67-76044ACA4B3E} = {6C45B01E-35FE-844B-8E67-76044ACA4B3E}
		{937D3DDB-B8DE-3F4E-99C5-FA855D294780} = {937D3DDB-B8DE-3F4E-99C5-FA855D294780}
	EndProjectSection
EndProject
Project("{8BC9CEB8-8B4A-11D0-8D11-00A0C91BC942}") = "App_BasicExampleGuiWithSoftwareRenderer", "App_BasicExampleGuiWithSoftwareRenderer.vcxproj", "{36B16FF5-D9AB-6845-84A8-2B2C7590A7DF}"
	ProjectSection(ProjectDependencies) = postProject
		{96BB55BD-93D1-DC4D-94F2-F944E2D624B0} = {96BB55BD-93D1-DC4D-94F2-F944E2D624B0}
		{1EA06E1C-B9E3-0B46-A90E-855BF472EB73} = {1EA06E1C-B9E3-0B46-A90E-855BF472EB73}
		{3DC7185C-3711-6D46-89BF-ACF038A70A57} = {3DC7185C-3711-6D46-89BF-ACF038A70A57}
		{6C45B01E-35FE-844B-8E67-76044ACA4B3E} = {6C45B01E-35FE-844B-8E67-76044ACA4B3E}
		{937D3DDB-B8DE-3F4E-99C5-FA855D294780} = {937D3DDB-B8DE-3F4E-99C5-FA855D294780}
	EndProjectSection
EndProject
Project("{8BC9CEB8-8B4A-11D0-8D11-00A0C91BC942}") = "App_BasicExampleTinyRenderer", "App_BasicExampleTinyRenderer.vcxproj", "{96332D74-3F4F-384C-9577-EC4D25C5671C}"
	ProjectSection(ProjectDependencies) = postProject
		{96BB55BD-93D1-DC4D-94F2-F944E2D624B0} = {96BB55BD-93D1-DC4D-94F2-F944E2D624B0}
		{1EA06E1C-B9E3-0B46-A90E-855BF472EB73} = {1EA06E1C-B9E3-0B46-A90E-855BF472EB73}
		{3DC7185C-3711-6D46-89BF-ACF038A70A57} = {3DC7185C-3711-6D46-89BF-ACF038A70A57}
		{937D3DDB-B8DE-3F4E-99C5-FA855D294780} = {937D3DDB-B8DE-3F4E-99C5-FA855D294780}
	EndProjectSection
EndProject
Project("{8BC9CEB8-8B4A-11D0-8D11-00A0C91BC942}") = "App_BasicExampleVR", "App_BasicExampleVR.vcxproj", "{5A51FA2F-C26F-8C4B-B533-2C8E808D99AF}"
	ProjectSection(ProjectDependencies) = postProject
		{96BB55BD-93D1-DC4D-94F2-F944E2D624B0} = {96BB55BD-93D1-DC4D-94F2-F944E2D624B0}
		{1EA06E1C-B9E3-0B46-A90E-855BF472EB73} = {1EA06E1C-B9E3-0B46-A90E-855BF472EB73}
		{3DC7185C-3711-6D46-89BF-ACF038A70A57} = {3DC7185C-3711-6D46-89BF-ACF038A70A57}
		{6C45B01E-35FE-844B-8E67-76044ACA4B3E} = {6C45B01E-35FE-844B-8E67-76044ACA4B3E}
		{937D3DDB-B8DE-3F4E-99C5-FA855D294780} = {937D3DDB-B8DE-3F4E-99C5-FA855D294780}
	EndProjectSection
EndProject
Project("{8BC9CEB8-8B4A-11D0-8D11-00A0C91BC942}") = "App_InverseDynamicsExample", "App_InverseDynamicsExample.vcxproj", "{37C3E70E-8A46-6A4E-8AE9-514B254A0BE2}"
	ProjectSection(ProjectDependencies) = postProject
		{D3EB70E3-EC23-C547-A115-4D9EB71B2DBC} = {D3EB70E3-EC23-C547-A115-4D9EB71B2DBC}
		{8B92A098-8D38-2640-8E55-AC1736D9B45E} = {8B92A098-8D38-2640-8E55-AC1736D9B45E}
		{937D3DDB-B8DE-3F4E-99C5-FA855D294780} = {937D3DDB-B8DE-3F4E-99C5-FA855D294780}
		{96BB55BD-93D1-DC4D-94F2-F944E2D624B0} = {96BB55BD-93D1-DC4D-94F2-F944E2D624B0}
		{1EA06E1C-B9E3-0B46-A90E-855BF472EB73} = {1EA06E1C-B9E3-0B46-A90E-855BF472EB73}
		{3DC7185C-3711-6D46-89BF-ACF038A70A57} = {3DC7185C-3711-6D46-89BF-ACF038A70A57}
	EndProjectSection
EndProject
Project("{8BC9CEB8-8B4A-11D0-8D11-00A0C91BC942}") = "App_InverseDynamicsExampleGui", "App_InverseDynamicsExampleGui.vcxproj", "{AFAFF777-C2C8-5145-975D-BF69A8E20249}"
	ProjectSection(ProjectDependencies) = postProject
		{D3EB70E3-EC23-C547-A115-4D9EB71B2DBC} = {D3EB70E3-EC23-C547-A115-4D9EB71B2DBC}
		{8B92A098-8D38-2640-8E55-AC1736D9B45E} = {8B92A098-8D38-2640-8E55-AC1736D9B45E}
		{96BB55BD-93D1-DC4D-94F2-F944E2D624B0} = {96BB55BD-93D1-DC4D-94F2-F944E2D624B0}
		{1EA06E1C-B9E3-0B46-A90E-855BF472EB73} = {1EA06E1C-B9E3-0B46-A90E-855BF472EB73}
		{3DC7185C-3711-6D46-89BF-ACF038A70A57} = {3DC7185C-3711-6D46-89BF-ACF038A70A57}
		{6C45B01E-35FE-844B-8E67-76044ACA4B3E} = {6C45B01E-35FE-844B-8E67-76044ACA4B3E}
		{937D3DDB-B8DE-3F4E-99C5-FA855D294780} = {937D3DDB-B8DE-3F4E-99C5-FA855D294780}
	EndProjectSection
EndProject
Project("{8BC9CEB8-8B4A-11D0-8D11-00A0C91BC942}") = "App_InverseDynamicsExampleGuiWithSoftwareRenderer", "App_InverseDynamicsExampleGuiWithSoftwareRenderer.vcxproj", "{D0DA283F-AC7D-CB44-90DF-E0BD36F54783}"
	ProjectSection(ProjectDependencies) = postProject
		{D3EB70E3-EC23-C547-A115-4D9EB71B2DBC} = {D3EB70E3-EC23-C547-A115-4D9EB71B2DBC}
		{8B92A098-8D38-2640-8E55-AC1736D9B45E} = {8B92A098-8D38-2640-8E55-AC1736D9B45E}
		{96BB55BD-93D1-DC4D-94F2-F944E2D624B0} = {96BB55BD-93D1-DC4D-94F2-F944E2D624B0}
		{1EA06E1C-B9E3-0B46-A90E-855BF472EB73} = {1EA06E1C-B9E3-0B46-A90E-855BF472EB73}
		{3DC7185C-3711-6D46-89BF-ACF038A70A57} = {3DC7185C-3711-6D46-89BF-ACF038A70A57}
		{6C45B01E-35FE-844B-8E67-76044ACA4B3E} = {6C45B01E-35FE-844B-8E67-76044ACA4B3E}
		{937D3DDB-B8DE-3F4E-99C5-FA855D294780} = {937D3DDB-B8DE-3F4E-99C5-FA855D294780}
	EndProjectSection
EndProject
Project("{8BC9CEB8-8B4A-11D0-8D11-00A0C91BC942}") = "App_InverseDynamicsExampleTinyRenderer", "App_InverseDynamicsExampleTinyRenderer.vcxproj", "{46A42E03-74E7-5F4E-8A12-82E627A174C7}"
	ProjectSection(ProjectDependencies) = postProject
		{D3EB70E3-EC23-C547-A115-4D9EB71B2DBC} = {D3EB70E3-EC23-C547-A115-4D9EB71B2DBC}
		{8B92A098-8D38-2640-8E55-AC1736D9B45E} = {8B92A098-8D38-2640-8E55-AC1736D9B45E}
		{96BB55BD-93D1-DC4D-94F2-F944E2D624B0} = {96BB55BD-93D1-DC4D-94F2-F944E2D624B0}
		{1EA06E1C-B9E3-0B46-A90E-855BF472EB73} = {1EA06E1C-B9E3-0B46-A90E-855BF472EB73}
		{3DC7185C-3711-6D46-89BF-ACF038A70A57} = {3DC7185C-3711-6D46-89BF-ACF038A70A57}
		{937D3DDB-B8DE-3F4E-99C5-FA855D294780} = {937D3DDB-B8DE-3F4E-99C5-FA855D294780}
	EndProjectSection
EndProject
Project("{8BC9CEB8-8B4A-11D0-8D11-00A0C91BC942}") = "App_RigidBodyFromObjExample", "App_RigidBodyFromObjExample.vcxproj", "{94B18EF2-AEE6-F746-90F6-B8EBC997F6AE}"
	ProjectSection(ProjectDependencies) = postProject
		{D3EB70E3-EC23-C547-A115-4D9EB71B2DBC} = {D3EB70E3-EC23-C547-A115-4D9EB71B2DBC}
		{8B92A098-8D38-2640-8E55-AC1736D9B45E} = {8B92A098-8D38-2640-8E55-AC1736D9B45E}
		{937D3DDB-B8DE-3F4E-99C5-FA855D294780} = {937D3DDB-B8DE-3F4E-99C5-FA855D294780}
		{96BB55BD-93D1-DC4D-94F2-F944E2D624B0} = {96BB55BD-93D1-DC4D-94F2-F944E2D624B0}
		{1EA06E1C-B9E3-0B46-A90E-855BF472EB73} = {1EA06E1C-B9E3-0B46-A90E-855BF472EB73}
		{3DC7185C-3711-6D46-89BF-ACF038A70A57} = {3DC7185C-3711-6D46-89BF-ACF038A70A57}
	EndProjectSection
EndProject
Project("{8BC9CEB8-8B4A-11D0-8D11-00A0C91BC942}") = "App_RigidBodyFromObjExampleGui", "App_RigidBodyFromObjExampleGui.vcxproj", "{69E50007-2AE1-684A-8056-C77337F43DA2}"
	ProjectSection(ProjectDependencies) = postProject
		{D3EB70E3-EC23-C547-A115-4D9EB71B2DBC} = {D3EB70E3-EC23-C547-A115-4D9EB71B2DBC}
		{8B92A098-8D38-2640-8E55-AC1736D9B45E} = {8B92A098-8D38-2640-8E55-AC1736D9B45E}
		{96BB55BD-93D1-DC4D-94F2-F944E2D624B0} = {96BB55BD-93D1-DC4D-94F2-F944E2D624B0}
		{1EA06E1C-B9E3-0B46-A90E-855BF472EB73} = {1EA06E1C-B9E3-0B46-A90E-855BF472EB73}
		{3DC7185C-3711-6D46-89BF-ACF038A70A57} = {3DC7185C-3711-6D46-89BF-ACF038A70A57}
		{6C45B01E-35FE-844B-8E67-76044ACA4B3E} = {6C45B01E-35FE-844B-8E67-76044ACA4B3E}
		{937D3DDB-B8DE-3F4E-99C5-FA855D294780} = {937D3DDB-B8DE-3F4E-99C5-FA855D294780}
	EndProjectSection
EndProject
Project("{8BC9CEB8-8B4A-11D0-8D11-00A0C91BC942}") = "App_RigidBodyFromObjExampleGuiWithSoftwareRenderer", "App_RigidBodyFromObjExampleGuiWithSoftwareRenderer.vcxproj", "{4F7DCB63-1259-1549-A8BF-529B4915C343}"
	ProjectSection(ProjectDependencies) = postProject
		{D3EB70E3-EC23-C547-A115-4D9EB71B2DBC} = {D3EB70E3-EC23-C547-A115-4D9EB71B2DBC}
		{8B92A098-8D38-2640-8E55-AC1736D9B45E} = {8B92A098-8D38-2640-8E55-AC1736D9B45E}
		{96BB55BD-93D1-DC4D-94F2-F944E2D624B0} = {96BB55BD-93D1-DC4D-94F2-F944E2D624B0}
		{1EA06E1C-B9E3-0B46-A90E-855BF472EB73} = {1EA06E1C-B9E3-0B46-A90E-855BF472EB73}
		{3DC7185C-3711-6D46-89BF-ACF038A70A57} = {3DC7185C-3711-6D46-89BF-ACF038A70A57}
		{6C45B01E-35FE-844B-8E67-76044ACA4B3E} = {6C45B01E-35FE-844B-8E67-76044ACA4B3E}
		{937D3DDB-B8DE-3F4E-99C5-FA855D294780} = {937D3DDB-B8DE-3F4E-99C5-FA855D294780}
	EndProjectSection
EndProject
Project("{8BC9CEB8-8B4A-11D0-8D11-00A0C91BC942}") = "App_RigidBodyFromObjExampleTinyRenderer", "App_RigidBodyFromObjExampleTinyRenderer.vcxproj", "{ED8EDA14-18C4-9F47-A92C-E85F0A8E951F}"
	ProjectSection(ProjectDependencies) = postProject
		{D3EB70E3-EC23-C547-A115-4D9EB71B2DBC} = {D3EB70E3-EC23-C547-A115-4D9EB71B2DBC}
		{8B92A098-8D38-2640-8E55-AC1736D9B45E} = {8B92A098-8D38-2640-8E55-AC1736D9B45E}
		{96BB55BD-93D1-DC4D-94F2-F944E2D624B0} = {96BB55BD-93D1-DC4D-94F2-F944E2D624B0}
		{1EA06E1C-B9E3-0B46-A90E-855BF472EB73} = {1EA06E1C-B9E3-0B46-A90E-855BF472EB73}
		{3DC7185C-3711-6D46-89BF-ACF038A70A57} = {3DC7185C-3711-6D46-89BF-ACF038A70A57}
		{937D3DDB-B8DE-3F4E-99C5-FA855D294780} = {937D3DDB-B8DE-3F4E-99C5-FA855D294780}
	EndProjectSection
EndProject
Project("{8BC9CEB8-8B4A-11D0-8D11-00A0C91BC942}") = "App_SharedMemoryPhysics", "App_SharedMemoryPhysics.vcxproj", "{948C7339-34E6-A84D-BAD0-E8B381900C51}"
	ProjectSection(ProjectDependencies) = postProject
		{937D3DDB-B8DE-3F4E-99C5-FA855D294780} = {937D3DDB-B8DE-3F4E-99C5-FA855D294780}
		{D3EB70E3-EC23-C547-A115-4D9EB71B2DBC} = {D3EB70E3-EC23-C547-A115-4D9EB71B2DBC}
		{8B92A098-8D38-2640-8E55-AC1736D9B45E} = {8B92A098-8D38-2640-8E55-AC1736D9B45E}
		{96BB55BD-93D1-DC4D-94F2-F944E2D624B0} = {96BB55BD-93D1-DC4D-94F2-F944E2D624B0}
		{1EA06E1C-B9E3-0B46-A90E-855BF472EB73} = {1EA06E1C-B9E3-0B46-A90E-855BF472EB73}
		{3DC7185C-3711-6D46-89BF-ACF038A70A57} = {3DC7185C-3711-6D46-89BF-ACF038A70A57}
		{03C21D86-C7AA-594A-A462-129E15289780} = {03C21D86-C7AA-594A-A462-129E15289780}
	EndProjectSection
EndProject
Project("{8BC9CEB8-8B4A-11D0-8D11-00A0C91BC942}") = "App_SharedMemoryPhysics_GUI", "App_SharedMemoryPhysics_GUI.vcxproj", "{931DAF24-7951-554D-A6FB-531E149A19F6}"
	ProjectSection(ProjectDependencies) = postProject
		{D3EB70E3-EC23-C547-A115-4D9EB71B2DBC} = {D3EB70E3-EC23-C547-A115-4D9EB71B2DBC}
		{8B92A098-8D38-2640-8E55-AC1736D9B45E} = {8B92A098-8D38-2640-8E55-AC1736D9B45E}
		{96BB55BD-93D1-DC4D-94F2-F944E2D624B0} = {96BB55BD-93D1-DC4D-94F2-F944E2D624B0}
		{1EA06E1C-B9E3-0B46-A90E-855BF472EB73} = {1EA06E1C-B9E3-0B46-A90E-855BF472EB73}
		{3DC7185C-3711-6D46-89BF-ACF038A70A57} = {3DC7185C-3711-6D46-89BF-ACF038A70A57}
		{6C45B01E-35FE-844B-8E67-76044ACA4B3E} = {6C45B01E-35FE-844B-8E67-76044ACA4B3E}
		{937D3DDB-B8DE-3F4E-99C5-FA855D294780} = {937D3DDB-B8DE-3F4E-99C5-FA855D294780}
		{03C21D86-C7AA-594A-A462-129E15289780} = {03C21D86-C7AA-594A-A462-129E15289780}
	EndProjectSection
EndProject
Project("{8BC9CEB8-8B4A-11D0-8D11-00A0C91BC942}") = "App_SharedMemoryPhysics_VR", "App_SharedMemoryPhysics_VR.vcxproj", "{198E1D6A-4DE8-6F4A-B8E3-586984CA3654}"
	ProjectSection(ProjectDependencies) = postProject
		{D3EB70E3-EC23-C547-A115-4D9EB71B2DBC} = {D3EB70E3-EC23-C547-A115-4D9EB71B2DBC}
		{8B92A098-8D38-2640-8E55-AC1736D9B45E} = {8B92A098-8D38-2640-8E55-AC1736D9B45E}
		{937D3DDB-B8DE-3F4E-99C5-FA855D294780} = {937D3DDB-B8DE-3F4E-99C5-FA855D294780}
		{96BB55BD-93D1-DC4D-94F2-F944E2D624B0} = {96BB55BD-93D1-DC4D-94F2-F944E2D624B0}
		{1EA06E1C-B9E3-0B46-A90E-855BF472EB73} = {1EA06E1C-B9E3-0B46-A90E-855BF472EB73}
		{3DC7185C-3711-6D46-89BF-ACF038A70A57} = {3DC7185C-3711-6D46-89BF-ACF038A70A57}
		{6C45B01E-35FE-844B-8E67-76044ACA4B3E} = {6C45B01E-35FE-844B-8E67-76044ACA4B3E}
		{03C21D86-C7AA-594A-A462-129E15289780} = {03C21D86-C7AA-594A-A462-129E15289780}
	EndProjectSection
EndProject
Project("{8BC9CEB8-8B4A-11D0-8D11-00A0C91BC942}") = "App_PhysicsServerSharedMemoryBridgeUDP", "App_PhysicsServerSharedMemoryBridgeUDP.vcxproj", "{BBE1DBBB-3768-7849-8E30-3445EE720834}"
	ProjectSection(ProjectDependencies) = postProject
		{92BEADEE-217C-BE47-AD6E-3C9B9CB73EC5} = {92BEADEE-217C-BE47-AD6E-3C9B9CB73EC5}
		{F6211632-72C0-B14F-9BD8-580F0F7119F8} = {F6211632-72C0-B14F-9BD8-580F0F7119F8}
		{937D3DDB-B8DE-3F4E-99C5-FA855D294780} = {937D3DDB-B8DE-3F4E-99C5-FA855D294780}
		{3DC7185C-3711-6D46-89BF-ACF038A70A57} = {3DC7185C-3711-6D46-89BF-ACF038A70A57}
	EndProjectSection
EndProject
Project("{8BC9CEB8-8B4A-11D0-8D11-00A0C91BC942}") = "App_PhysicsServerUDP", "App_PhysicsServerUDP.vcxproj", "{235BCECF-67F8-9B4B-BE4D-A93FB17CA4FA}"
	ProjectSection(ProjectDependencies) = postProject
		{92BEADEE-217C-BE47-AD6E-3C9B9CB73EC5} = {92BEADEE-217C-BE47-AD6E-3C9B9CB73EC5}
		{937D3DDB-B8DE-3F4E-99C5-FA855D294780} = {937D3DDB-B8DE-3F4E-99C5-FA855D294780}
		{D3EB70E3-EC23-C547-A115-4D9EB71B2DBC} = {D3EB70E3-EC23-C547-A115-4D9EB71B2DBC}
		{8B92A098-8D38-2640-8E55-AC1736D9B45E} = {8B92A098-8D38-2640-8E55-AC1736D9B45E}
		{96BB55BD-93D1-DC4D-94F2-F944E2D624B0} = {96BB55BD-93D1-DC4D-94F2-F944E2D624B0}
		{1EA06E1C-B9E3-0B46-A90E-855BF472EB73} = {1EA06E1C-B9E3-0B46-A90E-855BF472EB73}
		{3DC7185C-3711-6D46-89BF-ACF038A70A57} = {3DC7185C-3711-6D46-89BF-ACF038A70A57}
		{03C21D86-C7AA-594A-A462-129E15289780} = {03C21D86-C7AA-594A-A462-129E15289780}
	EndProjectSection
EndProject
Project("{8BC9CEB8-8B4A-11D0-8D11-00A0C91BC942}") = "BussIK", "BussIK.vcxproj", "{03C21D86-C7AA-594A-A462-129E15289780}"
EndProject
Project("{8BC9CEB8-8B4A-11D0-8D11-00A0C91BC942}") = "App_ThreadingTest", "App_ThreadingTest.vcxproj", "{2BC2AA40-E7A2-4A47-BF1F-2E753AF929BD}"
	ProjectSection(ProjectDependencies) = postProject
		{937D3DDB-B8DE-3F4E-99C5-FA855D294780} = {937D3DDB-B8DE-3F4E-99C5-FA855D294780}
	EndProjectSection
EndProject
Project("{8BC9CEB8-8B4A-11D0-8D11-00A0C91BC942}") = "pybullet", "pybullet.vcxproj", "{55028FA6-4D78-8C4C-9B41-F256EC06E186}"
	ProjectSection(ProjectDependencies) = postProject
		{EDB5E572-C48F-1E46-83B0-73135876D896} = {EDB5E572-C48F-1E46-83B0-73135876D896}
		{2E6B20D0-79CE-4F49-B2F6-3B5FF0E7AB18} = {2E6B20D0-79CE-4F49-B2F6-3B5FF0E7AB18}
		{F6211632-72C0-B14F-9BD8-580F0F7119F8} = {F6211632-72C0-B14F-9BD8-580F0F7119F8}
		{36F330D7-D33F-1943-A673-9C9846EDBF89} = {36F330D7-D33F-1943-A673-9C9846EDBF89}
		{6C45B01E-35FE-844B-8E67-76044ACA4B3E} = {6C45B01E-35FE-844B-8E67-76044ACA4B3E}
		{8B799994-184F-FA4F-9BF8-4F7FC8125266} = {8B799994-184F-FA4F-9BF8-4F7FC8125266}
		{D3EB70E3-EC23-C547-A115-4D9EB71B2DBC} = {D3EB70E3-EC23-C547-A115-4D9EB71B2DBC}
		{8B92A098-8D38-2640-8E55-AC1736D9B45E} = {8B92A098-8D38-2640-8E55-AC1736D9B45E}
		{96BB55BD-93D1-DC4D-94F2-F944E2D624B0} = {96BB55BD-93D1-DC4D-94F2-F944E2D624B0}
		{1EA06E1C-B9E3-0B46-A90E-855BF472EB73} = {1EA06E1C-B9E3-0B46-A90E-855BF472EB73}
		{3DC7185C-3711-6D46-89BF-ACF038A70A57} = {3DC7185C-3711-6D46-89BF-ACF038A70A57}
		{03C21D86-C7AA-594A-A462-129E15289780} = {03C21D86-C7AA-594A-A462-129E15289780}
		{937D3DDB-B8DE-3F4E-99C5-FA855D294780} = {937D3DDB-B8DE-3F4E-99C5-FA855D294780}
		{AA39C6CA-0D3A-3349-9E40-4035BD7AD4D4} = {AA39C6CA-0D3A-3349-9E40-4035BD7AD4D4}
		{87D141EA-C697-E146-8336-1D978138A437} = {87D141EA-C697-E146-8336-1D978138A437}
		{B1FEF1A5-B570-B442-AFD0-A2A2E2FBC131} = {B1FEF1A5-B570-B442-AFD0-A2A2E2FBC131}
		{DFDE0B96-2AB5-F741-9A49-6FB70779DAA9} = {DFDE0B96-2AB5-F741-9A49-6FB70779DAA9}
		{92BEADEE-217C-BE47-AD6E-3C9B9CB73EC5} = {92BEADEE-217C-BE47-AD6E-3C9B9CB73EC5}
	EndProjectSection
EndProject
Project("{8BC9CEB8-8B4A-11D0-8D11-00A0C91BC942}") = "Test_SharedMemoryPhysicsClient", "Test_SharedMemoryPhysicsClient.vcxproj", "{8DA45B01-CF4F-5F42-941E-C0281559EA6C}"
	ProjectSection(ProjectDependencies) = postProject
		{F6211632-72C0-B14F-9BD8-580F0F7119F8} = {F6211632-72C0-B14F-9BD8-580F0F7119F8}
		{937D3DDB-B8DE-3F4E-99C5-FA855D294780} = {937D3DDB-B8DE-3F4E-99C5-FA855D294780}
		{3DC7185C-3711-6D46-89BF-ACF038A70A57} = {3DC7185C-3711-6D46-89BF-ACF038A70A57}
	EndProjectSection
EndProject
Project("{8BC9CEB8-8B4A-11D0-8D11-00A0C91BC942}") = "Test_PhysicsServerLoopBack", "Test_PhysicsServerLoopBack.vcxproj", "{6AB75111-5605-C14A-B182-818354D2A554}"
	ProjectSection(ProjectDependencies) = postProject
		{D3EB70E3-EC23-C547-A115-4D9EB71B2DBC} = {D3EB70E3-EC23-C547-A115-4D9EB71B2DBC}
		{8B92A098-8D38-2640-8E55-AC1736D9B45E} = {8B92A098-8D38-2640-8E55-AC1736D9B45E}
		{F6211632-72C0-B14F-9BD8-580F0F7119F8} = {F6211632-72C0-B14F-9BD8-580F0F7119F8}
		{36F330D7-D33F-1943-A673-9C9846EDBF89} = {36F330D7-D33F-1943-A673-9C9846EDBF89}
		{937D3DDB-B8DE-3F4E-99C5-FA855D294780} = {937D3DDB-B8DE-3F4E-99C5-FA855D294780}
		{96BB55BD-93D1-DC4D-94F2-F944E2D624B0} = {96BB55BD-93D1-DC4D-94F2-F944E2D624B0}
		{1EA06E1C-B9E3-0B46-A90E-855BF472EB73} = {1EA06E1C-B9E3-0B46-A90E-855BF472EB73}
		{03C21D86-C7AA-594A-A462-129E15289780} = {03C21D86-C7AA-594A-A462-129E15289780}
		{3DC7185C-3711-6D46-89BF-ACF038A70A57} = {3DC7185C-3711-6D46-89BF-ACF038A70A57}
	EndProjectSection
EndProject
Project("{8BC9CEB8-8B4A-11D0-8D11-00A0C91BC942}") = "Test_PhysicsServerDirect", "Test_PhysicsServerDirect.vcxproj", "{71DBE03F-1EC3-CD49-AEC2-53BEFB3678CA}"
	ProjectSection(ProjectDependencies) = postProject
		{D3EB70E3-EC23-C547-A115-4D9EB71B2DBC} = {D3EB70E3-EC23-C547-A115-4D9EB71B2DBC}
		{8B92A098-8D38-2640-8E55-AC1736D9B45E} = {8B92A098-8D38-2640-8E55-AC1736D9B45E}
		{F6211632-72C0-B14F-9BD8-580F0F7119F8} = {F6211632-72C0-B14F-9BD8-580F0F7119F8}
		{36F330D7-D33F-1943-A673-9C9846EDBF89} = {36F330D7-D33F-1943-A673-9C9846EDBF89}
		{937D3DDB-B8DE-3F4E-99C5-FA855D294780} = {937D3DDB-B8DE-3F4E-99C5-FA855D294780}
		{96BB55BD-93D1-DC4D-94F2-F944E2D624B0} = {96BB55BD-93D1-DC4D-94F2-F944E2D624B0}
		{1EA06E1C-B9E3-0B46-A90E-855BF472EB73} = {1EA06E1C-B9E3-0B46-A90E-855BF472EB73}
		{03C21D86-C7AA-594A-A462-129E15289780} = {03C21D86-C7AA-594A-A462-129E15289780}
		{3DC7185C-3711-6D46-89BF-ACF038A70A57} = {3DC7185C-3711-6D46-89BF-ACF038A70A57}
	EndProjectSection
EndProject
Project("{8BC9CEB8-8B4A-11D0-8D11-00A0C91BC942}") = "Test_PhysicsServerInProcessExampleBrowser", "Test_PhysicsServerInProcessExampleBrowser.vcxproj", "{D2C89634-2FA9-CD40-8DB7-D7F3BB0A136B}"
	ProjectSection(ProjectDependencies) = postProject
		{EDB5E572-C48F-1E46-83B0-73135876D896} = {EDB5E572-C48F-1E46-83B0-73135876D896}
		{2E6B20D0-79CE-4F49-B2F6-3B5FF0E7AB18} = {2E6B20D0-79CE-4F49-B2F6-3B5FF0E7AB18}
		{6C45B01E-35FE-844B-8E67-76044ACA4B3E} = {6C45B01E-35FE-844B-8E67-76044ACA4B3E}
		{F6211632-72C0-B14F-9BD8-580F0F7119F8} = {F6211632-72C0-B14F-9BD8-580F0F7119F8}
		{36F330D7-D33F-1943-A673-9C9846EDBF89} = {36F330D7-D33F-1943-A673-9C9846EDBF89}
		{8B799994-184F-FA4F-9BF8-4F7FC8125266} = {8B799994-184F-FA4F-9BF8-4F7FC8125266}
		{D3EB70E3-EC23-C547-A115-4D9EB71B2DBC} = {D3EB70E3-EC23-C547-A115-4D9EB71B2DBC}
		{8B92A098-8D38-2640-8E55-AC1736D9B45E} = {8B92A098-8D38-2640-8E55-AC1736D9B45E}
		{96BB55BD-93D1-DC4D-94F2-F944E2D624B0} = {96BB55BD-93D1-DC4D-94F2-F944E2D624B0}
		{1EA06E1C-B9E3-0B46-A90E-855BF472EB73} = {1EA06E1C-B9E3-0B46-A90E-855BF472EB73}
		{3DC7185C-3711-6D46-89BF-ACF038A70A57} = {3DC7185C-3711-6D46-89BF-ACF038A70A57}
		{03C21D86-C7AA-594A-A462-129E15289780} = {03C21D86-C7AA-594A-A462-129E15289780}
		{937D3DDB-B8DE-3F4E-99C5-FA855D294780} = {937D3DDB-B8DE-3F4E-99C5-FA855D294780}
		{AA39C6CA-0D3A-3349-9E40-4035BD7AD4D4} = {AA39C6CA-0D3A-3349-9E40-4035BD7AD4D4}
		{87D141EA-C697-E146-8336-1D978138A437} = {87D141EA-C697-E146-8336-1D978138A437}
		{B1FEF1A5-B570-B442-AFD0-A2A2E2FBC131} = {B1FEF1A5-B570-B442-AFD0-A2A2E2FBC131}
		{DFDE0B96-2AB5-F741-9A49-6FB70779DAA9} = {DFDE0B96-2AB5-F741-9A49-6FB70779DAA9}
	EndProjectSection
EndProject
Project("{8BC9CEB8-8B4A-11D0-8D11-00A0C91BC942}") = "rtMidiTest", "rtMidiTest.vcxproj", "{FB2C0E6A-068A-EC40-89AB-2DFEC2474DD7}"
EndProject
Project("{8BC9CEB8-8B4A-11D0-8D11-00A0C91BC942}") = "enet", "enet.vcxproj", "{92BEADEE-217C-BE47-AD6E-3C9B9CB73EC5}"
EndProject
Project("{8BC9CEB8-8B4A-11D0-8D11-00A0C91BC942}") = "Test_enet_nat_punchthrough_client", "Test_enet_nat_punchthrough_client.vcxproj", "{01C9D9DC-0792-084C-B33C-12288498E1E4}"
	ProjectSection(ProjectDependencies) = postProject
		{92BEADEE-217C-BE47-AD6E-3C9B9CB73EC5} = {92BEADEE-217C-BE47-AD6E-3C9B9CB73EC5}
	EndProjectSection
EndProject
Project("{8BC9CEB8-8B4A-11D0-8D11-00A0C91BC942}") = "Test_enet_nat_punchthrough_server", "Test_enet_nat_punchthrough_server.vcxproj", "{0C296AD4-753E-EB4E-A835-F24B2F8BC470}"
	ProjectSection(ProjectDependencies) = postProject
		{92BEADEE-217C-BE47-AD6E-3C9B9CB73EC5} = {92BEADEE-217C-BE47-AD6E-3C9B9CB73EC5}
	EndProjectSection
EndProject
Project("{8BC9CEB8-8B4A-11D0-8D11-00A0C91BC942}") = "Test_enet_chat_client", "Test_enet_chat_client.vcxproj", "{04464443-F361-EF47-8BBA-B124B01C9F85}"
	ProjectSection(ProjectDependencies) = postProject
		{92BEADEE-217C-BE47-AD6E-3C9B9CB73EC5} = {92BEADEE-217C-BE47-AD6E-3C9B9CB73EC5}
	EndProjectSection
EndProject
Project("{8BC9CEB8-8B4A-11D0-8D11-00A0C91BC942}") = "Test_enet_chat_server", "Test_enet_chat_server.vcxproj", "{47EA7DB4-9602-B34C-BBE2-74B86E0222E3}"
	ProjectSection(ProjectDependencies) = postProject
		{92BEADEE-217C-BE47-AD6E-3C9B9CB73EC5} = {92BEADEE-217C-BE47-AD6E-3C9B9CB73EC5}
	EndProjectSection
EndProject
Project("{8BC9CEB8-8B4A-11D0-8D11-00A0C91BC942}") = "Bullet3Common", "Bullet3Common.vcxproj", "{937D3DDB-B8DE-3F4E-99C5-FA855D294780}"
EndProject
Project("{8BC9CEB8-8B4A-11D0-8D11-00A0C91BC942}") = "Bullet3Geometry", "Bullet3Geometry.vcxproj", "{DFDE0B96-2AB5-F741-9A49-6FB70779DAA9}"
EndProject
Project("{8BC9CEB8-8B4A-11D0-8D11-00A0C91BC942}") = "Bullet3Collision", "Bullet3Collision.vcxproj", "{B1FEF1A5-B570-B442-AFD0-A2A2E2FBC131}"
EndProject
Project("{8BC9CEB8-8B4A-11D0-8D11-00A0C91BC942}") = "Bullet3Dynamics", "Bullet3Dynamics.vcxproj", "{87D141EA-C697-E146-8336-1D978138A437}"
EndProject
Project("{8BC9CEB8-8B4A-11D0-8D11-00A0C91BC942}") = "Bullet3OpenCL_clew", "Bullet3OpenCL_clew.vcxproj", "{AA39C6CA-0D3A-3349-9E40-4035BD7AD4D4}"
EndProject
Project("{8BC9CEB8-8B4A-11D0-8D11-00A0C91BC942}") = "Bullet2FileLoader", "Bullet2FileLoader.vcxproj", "{0B0CB495-DF3F-E145-A6F1-9A6F97E9C996}"
EndProject
Project("{8BC9CEB8-8B4A-11D0-8D11-00A0C91BC942}") = "HACD", "HACD.vcxproj", "{70EC2770-7862-894C-835E-F72147129D41}"
EndProject
Project("{8BC9CEB8-8B4A-11D0-8D11-00A0C91BC942}") = "vhacd", "vhacd.vcxproj", "{F7360B4F-8A96-8648-BA0B-FC953479B390}"
EndProject
Project("{8BC9CEB8-8B4A-11D0-8D11-00A0C91BC942}") = "test_vhacd", "test_vhacd.vcxproj", "{0816898F-97B5-E34D-BE2A-0B49D6D555CC}"
	ProjectSection(ProjectDependencies) = postProject
		{F7360B4F-8A96-8648-BA0B-FC953479B390} = {F7360B4F-8A96-8648-BA0B-FC953479B390}
	EndProjectSection
EndProject
Project("{8BC9CEB8-8B4A-11D0-8D11-00A0C91BC942}") = "ConvexDecomposition", "ConvexDecomposition.vcxproj", "{2AED4137-8E11-AE4C-9E3A-E2BDAEAFA757}"
EndProject
Project("{8BC9CEB8-8B4A-11D0-8D11-00A0C91BC942}") = "BulletInverseDynamicsUtils", "BulletInverseDynamicsUtils.vcxproj", "{D3EB70E3-EC23-C547-A115-4D9EB71B2DBC}"
EndProject
Project("{8BC9CEB8-8B4A-11D0-8D11-00A0C91BC942}") = "BulletFileLoader", "BulletFileLoader.vcxproj", "{F6211632-72C0-B14F-9BD8-580F0F7119F8}"
EndProject
Project("{8BC9CEB8-8B4A-11D0-8D11-00A0C91BC942}") = "BulletWorldImporter", "BulletWorldImporter.vcxproj", "{36F330D7-D33F-1943-A673-9C9846EDBF89}"
EndProject
Project("{8BC9CEB8-8B4A-11D0-8D11-00A0C91BC942}") = "BulletXmlWorldImporter", "BulletXmlWorldImporter.vcxproj", "{1B4967D5-D7F8-2D41-95BC-78B3527EBC70}"
EndProject
Project("{8BC9CEB8-8B4A-11D0-8D11-00A0C91BC942}") = "Test_LinearMath", "Test_LinearMath.vcxproj", "{5DAEF626-6BA5-A742-99FC-CA63A2176392}"
	ProjectSection(ProjectDependencies) = postProject
		{96BB55BD-93D1-DC4D-94F2-F944E2D624B0} = {96BB55BD-93D1-DC4D-94F2-F944E2D624B0}
		{1EA06E1C-B9E3-0B46-A90E-855BF472EB73} = {1EA06E1C-B9E3-0B46-A90E-855BF472EB73}
		{3DC7185C-3711-6D46-89BF-ACF038A70A57} = {3DC7185C-3711-6D46-89BF-ACF038A70A57}
	EndProjectSection
EndProject
Project("{8BC9CEB8-8B4A-11D0-8D11-00A0C91BC942}") = "gtest", "gtest.vcxproj", "{C83026F3-14DB-B54E-9484-87160EEB4A32}"
EndProject
Project("{8BC9CEB8-8B4A-11D0-8D11-00A0C91BC942}") = "Test_BulletCollision", "Test_BulletCollision.vcxproj", "{7B21045C-1552-DA46-8AFE-7768870D897B}"
	ProjectSection(ProjectDependencies) = postProject
		{3DC7185C-3711-6D46-89BF-ACF038A70A57} = {3DC7185C-3711-6D46-89BF-ACF038A70A57}
		{C83026F3-14DB-B54E-9484-87160EEB4A32} = {C83026F3-14DB-B54E-9484-87160EEB4A32}
	EndProjectSection
EndProject
Project("{8BC9CEB8-8B4A-11D0-8D11-00A0C91BC942}") = "Test_BulletDynamics", "Test_BulletDynamics.vcxproj", "{4EBFE87A-1F31-DD47-9D9B-6E2B40DB7424}"
	ProjectSection(ProjectDependencies) = postProject
		{96BB55BD-93D1-DC4D-94F2-F944E2D624B0} = {96BB55BD-93D1-DC4D-94F2-F944E2D624B0}
		{1EA06E1C-B9E3-0B46-A90E-855BF472EB73} = {1EA06E1C-B9E3-0B46-A90E-855BF472EB73}
		{3DC7185C-3711-6D46-89BF-ACF038A70A57} = {3DC7185C-3711-6D46-89BF-ACF038A70A57}
		{C83026F3-14DB-B54E-9484-87160EEB4A32} = {C83026F3-14DB-B54E-9484-87160EEB4A32}
	EndProjectSection
EndProject
Project("{8BC9CEB8-8B4A-11D0-8D11-00A0C91BC942}") = "Test_InverseDynamicsKinematics", "Test_InverseDynamicsKinematics.vcxproj", "{619B413B-930D-6F45-A011-1F15592F04DF}"
	ProjectSection(ProjectDependencies) = postProject
		{D3EB70E3-EC23-C547-A115-4D9EB71B2DBC} = {D3EB70E3-EC23-C547-A115-4D9EB71B2DBC}
		{8B92A098-8D38-2640-8E55-AC1736D9B45E} = {8B92A098-8D38-2640-8E55-AC1736D9B45E}
		{937D3DDB-B8DE-3F4E-99C5-FA855D294780} = {937D3DDB-B8DE-3F4E-99C5-FA855D294780}
		{3DC7185C-3711-6D46-89BF-ACF038A70A57} = {3DC7185C-3711-6D46-89BF-ACF038A70A57}
		{C83026F3-14DB-B54E-9484-87160EEB4A32} = {C83026F3-14DB-B54E-9484-87160EEB4A32}
	EndProjectSection
EndProject
Project("{8BC9CEB8-8B4A-11D0-8D11-00A0C91BC942}") = "Test_InverseDynamicsJacobian", "Test_InverseDynamicsJacobian.vcxproj", "{0E60DF07-32D0-D742-A5A9-4B43A8F65E52}"
	ProjectSection(ProjectDependencies) = postProject
		{D3EB70E3-EC23-C547-A115-4D9EB71B2DBC} = {D3EB70E3-EC23-C547-A115-4D9EB71B2DBC}
		{8B92A098-8D38-2640-8E55-AC1736D9B45E} = {8B92A098-8D38-2640-8E55-AC1736D9B45E}
		{937D3DDB-B8DE-3F4E-99C5-FA855D294780} = {937D3DDB-B8DE-3F4E-99C5-FA855D294780}
		{3DC7185C-3711-6D46-89BF-ACF038A70A57} = {3DC7185C-3711-6D46-89BF-ACF038A70A57}
		{C83026F3-14DB-B54E-9484-87160EEB4A32} = {C83026F3-14DB-B54E-9484-87160EEB4A32}
	EndProjectSection
EndProject
Project("{8BC9CEB8-8B4A-11D0-8D11-00A0C91BC942}") = "Test_InverseForwardDynamics", "Test_InverseForwardDynamics.vcxproj", "{3F7DE287-B2EC-934C-BCD1-20A4C88F7DDE}"
	ProjectSection(ProjectDependencies) = postProject
		{96BB55BD-93D1-DC4D-94F2-F944E2D624B0} = {96BB55BD-93D1-DC4D-94F2-F944E2D624B0}
		{1EA06E1C-B9E3-0B46-A90E-855BF472EB73} = {1EA06E1C-B9E3-0B46-A90E-855BF472EB73}
		{D3EB70E3-EC23-C547-A115-4D9EB71B2DBC} = {D3EB70E3-EC23-C547-A115-4D9EB71B2DBC}
		{8B92A098-8D38-2640-8E55-AC1736D9B45E} = {8B92A098-8D38-2640-8E55-AC1736D9B45E}
		{937D3DDB-B8DE-3F4E-99C5-FA855D294780} = {937D3DDB-B8DE-3F4E-99C5-FA855D294780}
		{3DC7185C-3711-6D46-89BF-ACF038A70A57} = {3DC7185C-3711-6D46-89BF-ACF038A70A57}
		{C83026F3-14DB-B54E-9484-87160EEB4A32} = {C83026F3-14DB-B54E-9484-87160EEB4A32}
	EndProjectSection
EndProject
Project("{8BC9CEB8-8B4A-11D0-8D11-00A0C91BC942}") = "Test_OpenCL_Bullet3", "Test_OpenCL_Bullet3.vcxproj", "{093E0C86-5DC6-9A41-984C-3473DE3136EC}"
	ProjectSection(ProjectDependencies) = postProject
		{C83026F3-14DB-B54E-9484-87160EEB4A32} = {C83026F3-14DB-B54E-9484-87160EEB4A32}
		{AA39C6CA-0D3A-3349-9E40-4035BD7AD4D4} = {AA39C6CA-0D3A-3349-9E40-4035BD7AD4D4}
		{937D3DDB-B8DE-3F4E-99C5-FA855D294780} = {937D3DDB-B8DE-3F4E-99C5-FA855D294780}
	EndProjectSection
EndProject
Project("{8BC9CEB8-8B4A-11D0-8D11-00A0C91BC942}") = "Test_Gwen_OpenGL", "Test_Gwen_OpenGL.vcxproj", "{6BD6C410-ECF5-7440-883D-2D2E3D6CB241}"
	ProjectSection(ProjectDependencies) = postProject
		{2E6B20D0-79CE-4F49-B2F6-3B5FF0E7AB18} = {2E6B20D0-79CE-4F49-B2F6-3B5FF0E7AB18}
	EndProjectSection
EndProject
Project("{8BC9CEB8-8B4A-11D0-8D11-00A0C91BC942}") = "BulletInverseDynamics", "BulletInverseDynamics.vcxproj", "{8B92A098-8D38-2640-8E55-AC1736D9B45E}"
EndProject
Project("{8BC9CEB8-8B4A-11D0-8D11-00A0C91BC942}") = "BulletSoftBody", "BulletSoftBody.vcxproj", "{8B799994-184F-FA4F-9BF8-4F7FC8125266}"
EndProject
Project("{8BC9CEB8-8B4A-11D0-8D11-00A0C91BC942}") = "BulletDynamics", "BulletDynamics.vcxproj", "{96BB55BD-93D1-DC4D-94F2-F944E2D624B0}"
EndProject
Project("{8BC9CEB8-8B4A-11D0-8D11-00A0C91BC942}") = "BulletCollision", "BulletCollision.vcxproj", "{1EA06E1C-B9E3-0B46-A90E-855BF472EB73}"
EndProject
Project("{8BC9CEB8-8B4A-11D0-8D11-00A0C91BC942}") = "LinearMath", "LinearMath.vcxproj", "{3DC7185C-3711-6D46-89BF-ACF038A70A57}"
EndProject
Global
	GlobalSection(SolutionConfigurationPlatforms) = preSolution
		Release|Win32 = Release|Win32
		Release|x64 = Release|x64
		Debug|Win32 = Debug|Win32
		Debug|x64 = Debug|x64
	EndGlobalSection
	GlobalSection(ProjectConfigurationPlatforms) = postSolution
		{30DFC413-EC27-F645-88CF-585A9D830B26}.Release|Win32.ActiveCfg = Release|Win32
		{30DFC413-EC27-F645-88CF-585A9D830B26}.Release|Win32.Build.0 = Release|Win32
		{30DFC413-EC27-F645-88CF-585A9D830B26}.Release|x64.ActiveCfg = Release|x64
		{30DFC413-EC27-F645-88CF-585A9D830B26}.Release|x64.Build.0 = Release|x64
		{30DFC413-EC27-F645-88CF-585A9D830B26}.Debug|Win32.ActiveCfg = Debug|Win32
		{30DFC413-EC27-F645-88CF-585A9D830B26}.Debug|Win32.Build.0 = Debug|Win32
		{30DFC413-EC27-F645-88CF-585A9D830B26}.Debug|x64.ActiveCfg = Debug|x64
		{30DFC413-EC27-F645-88CF-585A9D830B26}.Debug|x64.Build.0 = Debug|x64
		{EDB5E572-C48F-1E46-83B0-73135876D896}.Release|Win32.ActiveCfg = Release|Win32
		{EDB5E572-C48F-1E46-83B0-73135876D896}.Release|Win32.Build.0 = Release|Win32
		{EDB5E572-C48F-1E46-83B0-73135876D896}.Release|x64.ActiveCfg = Release|x64
		{EDB5E572-C48F-1E46-83B0-73135876D896}.Release|x64.Build.0 = Release|x64
		{EDB5E572-C48F-1E46-83B0-73135876D896}.Debug|Win32.ActiveCfg = Debug|Win32
		{EDB5E572-C48F-1E46-83B0-73135876D896}.Debug|Win32.Build.0 = Debug|Win32
		{EDB5E572-C48F-1E46-83B0-73135876D896}.Debug|x64.ActiveCfg = Debug|x64
		{EDB5E572-C48F-1E46-83B0-73135876D896}.Debug|x64.Build.0 = Debug|x64
		{6C45B01E-35FE-844B-8E67-76044ACA4B3E}.Release|Win32.ActiveCfg = Release|Win32
		{6C45B01E-35FE-844B-8E67-76044ACA4B3E}.Release|Win32.Build.0 = Release|Win32
		{6C45B01E-35FE-844B-8E67-76044ACA4B3E}.Release|x64.ActiveCfg = Release|x64
		{6C45B01E-35FE-844B-8E67-76044ACA4B3E}.Release|x64.Build.0 = Release|x64
		{6C45B01E-35FE-844B-8E67-76044ACA4B3E}.Debug|Win32.ActiveCfg = Debug|Win32
		{6C45B01E-35FE-844B-8E67-76044ACA4B3E}.Debug|Win32.Build.0 = Debug|Win32
		{6C45B01E-35FE-844B-8E67-76044ACA4B3E}.Debug|x64.ActiveCfg = Debug|x64
		{6C45B01E-35FE-844B-8E67-76044ACA4B3E}.Debug|x64.Build.0 = Debug|x64
		{2E6B20D0-79CE-4F49-B2F6-3B5FF0E7AB18}.Release|Win32.ActiveCfg = Release|Win32
		{2E6B20D0-79CE-4F49-B2F6-3B5FF0E7AB18}.Release|Win32.Build.0 = Release|Win32
		{2E6B20D0-79CE-4F49-B2F6-3B5FF0E7AB18}.Release|x64.ActiveCfg = Release|x64
		{2E6B20D0-79CE-4F49-B2F6-3B5FF0E7AB18}.Release|x64.Build.0 = Release|x64
		{2E6B20D0-79CE-4F49-B2F6-3B5FF0E7AB18}.Debug|Win32.ActiveCfg = Debug|Win32
		{2E6B20D0-79CE-4F49-B2F6-3B5FF0E7AB18}.Debug|Win32.Build.0 = Debug|Win32
		{2E6B20D0-79CE-4F49-B2F6-3B5FF0E7AB18}.Debug|x64.ActiveCfg = Debug|x64
		{2E6B20D0-79CE-4F49-B2F6-3B5FF0E7AB18}.Debug|x64.Build.0 = Debug|x64
		{8C028F0C-B74D-4D4A-9919-5392CA19CF30}.Release|Win32.ActiveCfg = Release|Win32
		{8C028F0C-B74D-4D4A-9919-5392CA19CF30}.Release|Win32.Build.0 = Release|Win32
		{8C028F0C-B74D-4D4A-9919-5392CA19CF30}.Release|x64.ActiveCfg = Release|x64
		{8C028F0C-B74D-4D4A-9919-5392CA19CF30}.Release|x64.Build.0 = Release|x64
		{8C028F0C-B74D-4D4A-9919-5392CA19CF30}.Debug|Win32.ActiveCfg = Debug|Win32
		{8C028F0C-B74D-4D4A-9919-5392CA19CF30}.Debug|Win32.Build.0 = Debug|Win32
		{8C028F0C-B74D-4D4A-9919-5392CA19CF30}.Debug|x64.ActiveCfg = Debug|x64
		{8C028F0C-B74D-4D4A-9919-5392CA19CF30}.Debug|x64.Build.0 = Debug|x64
		{3E71608A-7C57-EF45-8B15-1298870E8075}.Release|Win32.ActiveCfg = Release|Win32
		{3E71608A-7C57-EF45-8B15-1298870E8075}.Release|Win32.Build.0 = Release|Win32
		{3E71608A-7C57-EF45-8B15-1298870E8075}.Release|x64.ActiveCfg = Release|x64
		{3E71608A-7C57-EF45-8B15-1298870E8075}.Release|x64.Build.0 = Release|x64
		{3E71608A-7C57-EF45-8B15-1298870E8075}.Debug|Win32.ActiveCfg = Debug|Win32
		{3E71608A-7C57-EF45-8B15-1298870E8075}.Debug|Win32.Build.0 = Debug|Win32
		{3E71608A-7C57-EF45-8B15-1298870E8075}.Debug|x64.ActiveCfg = Debug|x64
		{3E71608A-7C57-EF45-8B15-1298870E8075}.Debug|x64.Build.0 = Debug|x64
		{09A185F8-4F38-594C-8714-8AA6846B4538}.Release|Win32.ActiveCfg = Release|Win32
		{09A185F8-4F38-594C-8714-8AA6846B4538}.Release|Win32.Build.0 = Release|Win32
		{09A185F8-4F38-594C-8714-8AA6846B4538}.Release|x64.ActiveCfg = Release|x64
		{09A185F8-4F38-594C-8714-8AA6846B4538}.Release|x64.Build.0 = Release|x64
		{09A185F8-4F38-594C-8714-8AA6846B4538}.Debug|Win32.ActiveCfg = Debug|Win32
		{09A185F8-4F38-594C-8714-8AA6846B4538}.Debug|Win32.Build.0 = Debug|Win32
		{09A185F8-4F38-594C-8714-8AA6846B4538}.Debug|x64.ActiveCfg = Debug|x64
		{09A185F8-4F38-594C-8714-8AA6846B4538}.Debug|x64.Build.0 = Debug|x64
		{C84CC5EF-F8C7-2948-A9CF-31DA9571FF8F}.Release|Win32.ActiveCfg = Release|Win32
		{C84CC5EF-F8C7-2948-A9CF-31DA9571FF8F}.Release|Win32.Build.0 = Release|Win32
		{C84CC5EF-F8C7-2948-A9CF-31DA9571FF8F}.Release|x64.ActiveCfg = Release|x64
		{C84CC5EF-F8C7-2948-A9CF-31DA9571FF8F}.Release|x64.Build.0 = Release|x64
		{C84CC5EF-F8C7-2948-A9CF-31DA9571FF8F}.Debug|Win32.ActiveCfg = Debug|Win32
		{C84CC5EF-F8C7-2948-A9CF-31DA9571FF8F}.Debug|Win32.Build.0 = Debug|Win32
		{C84CC5EF-F8C7-2948-A9CF-31DA9571FF8F}.Debug|x64.ActiveCfg = Debug|x64
		{C84CC5EF-F8C7-2948-A9CF-31DA9571FF8F}.Debug|x64.Build.0 = Debug|x64
		{B0220689-9159-5E43-BADF-8E8A4F373C79}.Release|Win32.ActiveCfg = Release|Win32
		{B0220689-9159-5E43-BADF-8E8A4F373C79}.Release|Win32.Build.0 = Release|Win32
		{B0220689-9159-5E43-BADF-8E8A4F373C79}.Release|x64.ActiveCfg = Release|x64
		{B0220689-9159-5E43-BADF-8E8A4F373C79}.Release|x64.Build.0 = Release|x64
		{B0220689-9159-5E43-BADF-8E8A4F373C79}.Debug|Win32.ActiveCfg = Debug|Win32
		{B0220689-9159-5E43-BADF-8E8A4F373C79}.Debug|Win32.Build.0 = Debug|Win32
		{B0220689-9159-5E43-BADF-8E8A4F373C79}.Debug|x64.ActiveCfg = Debug|x64
		{B0220689-9159-5E43-BADF-8E8A4F373C79}.Debug|x64.Build.0 = Debug|x64
		{36B16FF5-D9AB-6845-84A8-2B2C7590A7DF}.Release|Win32.ActiveCfg = Release|Win32
		{36B16FF5-D9AB-6845-84A8-2B2C7590A7DF}.Release|Win32.Build.0 = Release|Win32
		{36B16FF5-D9AB-6845-84A8-2B2C7590A7DF}.Release|x64.ActiveCfg = Release|x64
		{36B16FF5-D9AB-6845-84A8-2B2C7590A7DF}.Release|x64.Build.0 = Release|x64
		{36B16FF5-D9AB-6845-84A8-2B2C7590A7DF}.Debug|Win32.ActiveCfg = Debug|Win32
		{36B16FF5-D9AB-6845-84A8-2B2C7590A7DF}.Debug|Win32.Build.0 = Debug|Win32
		{36B16FF5-D9AB-6845-84A8-2B2C7590A7DF}.Debug|x64.ActiveCfg = Debug|x64
		{36B16FF5-D9AB-6845-84A8-2B2C7590A7DF}.Debug|x64.Build.0 = Debug|x64
		{96332D74-3F4F-384C-9577-EC4D25C5671C}.Release|Win32.ActiveCfg = Release|Win32
		{96332D74-3F4F-384C-9577-EC4D25C5671C}.Release|Win32.Build.0 = Release|Win32
		{96332D74-3F4F-384C-9577-EC4D25C5671C}.Release|x64.ActiveCfg = Release|x64
		{96332D74-3F4F-384C-9577-EC4D25C5671C}.Release|x64.Build.0 = Release|x64
		{96332D74-3F4F-384C-9577-EC4D25C5671C}.Debug|Win32.ActiveCfg = Debug|Win32
		{96332D74-3F4F-384C-9577-EC4D25C5671C}.Debug|Win32.Build.0 = Debug|Win32
		{96332D74-3F4F-384C-9577-EC4D25C5671C}.Debug|x64.ActiveCfg = Debug|x64
		{96332D74-3F4F-384C-9577-EC4D25C5671C}.Debug|x64.Build.0 = Debug|x64
		{5A51FA2F-C26F-8C4B-B533-2C8E808D99AF}.Release|Win32.ActiveCfg = Release|Win32
		{5A51FA2F-C26F-8C4B-B533-2C8E808D99AF}.Release|Win32.Build.0 = Release|Win32
		{5A51FA2F-C26F-8C4B-B533-2C8E808D99AF}.Release|x64.ActiveCfg = Release|x64
		{5A51FA2F-C26F-8C4B-B533-2C8E808D99AF}.Release|x64.Build.0 = Release|x64
		{5A51FA2F-C26F-8C4B-B533-2C8E808D99AF}.Debug|Win32.ActiveCfg = Debug|Win32
		{5A51FA2F-C26F-8C4B-B533-2C8E808D99AF}.Debug|Win32.Build.0 = Debug|Win32
		{5A51FA2F-C26F-8C4B-B533-2C8E808D99AF}.Debug|x64.ActiveCfg = Debug|x64
		{5A51FA2F-C26F-8C4B-B533-2C8E808D99AF}.Debug|x64.Build.0 = Debug|x64
		{37C3E70E-8A46-6A4E-8AE9-514B254A0BE2}.Release|Win32.ActiveCfg = Release|Win32
		{37C3E70E-8A46-6A4E-8AE9-514B254A0BE2}.Release|Win32.Build.0 = Release|Win32
		{37C3E70E-8A46-6A4E-8AE9-514B254A0BE2}.Release|x64.ActiveCfg = Release|x64
		{37C3E70E-8A46-6A4E-8AE9-514B254A0BE2}.Release|x64.Build.0 = Release|x64
		{37C3E70E-8A46-6A4E-8AE9-514B254A0BE2}.Debug|Win32.ActiveCfg = Debug|Win32
		{37C3E70E-8A46-6A4E-8AE9-514B254A0BE2}.Debug|Win32.Build.0 = Debug|Win32
		{37C3E70E-8A46-6A4E-8AE9-514B254A0BE2}.Debug|x64.ActiveCfg = Debug|x64
		{37C3E70E-8A46-6A4E-8AE9-514B254A0BE2}.Debug|x64.Build.0 = Debug|x64
		{AFAFF777-C2C8-5145-975D-BF69A8E20249}.Release|Win32.ActiveCfg = Release|Win32
		{AFAFF777-C2C8-5145-975D-BF69A8E20249}.Release|Win32.Build.0 = Release|Win32
		{AFAFF777-C2C8-5145-975D-BF69A8E20249}.Release|x64.ActiveCfg = Release|x64
		{AFAFF777-C2C8-5145-975D-BF69A8E20249}.Release|x64.Build.0 = Release|x64
		{AFAFF777-C2C8-5145-975D-BF69A8E20249}.Debug|Win32.ActiveCfg = Debug|Win32
		{AFAFF777-C2C8-5145-975D-BF69A8E20249}.Debug|Win32.Build.0 = Debug|Win32
		{AFAFF777-C2C8-5145-975D-BF69A8E20249}.Debug|x64.ActiveCfg = Debug|x64
		{AFAFF777-C2C8-5145-975D-BF69A8E20249}.Debug|x64.Build.0 = Debug|x64
		{D0DA283F-AC7D-CB44-90DF-E0BD36F54783}.Release|Win32.ActiveCfg = Release|Win32
		{D0DA283F-AC7D-CB44-90DF-E0BD36F54783}.Release|Win32.Build.0 = Release|Win32
		{D0DA283F-AC7D-CB44-90DF-E0BD36F54783}.Release|x64.ActiveCfg = Release|x64
		{D0DA283F-AC7D-CB44-90DF-E0BD36F54783}.Release|x64.Build.0 = Release|x64
		{D0DA283F-AC7D-CB44-90DF-E0BD36F54783}.Debug|Win32.ActiveCfg = Debug|Win32
		{D0DA283F-AC7D-CB44-90DF-E0BD36F54783}.Debug|Win32.Build.0 = Debug|Win32
		{D0DA283F-AC7D-CB44-90DF-E0BD36F54783}.Debug|x64.ActiveCfg = Debug|x64
		{D0DA283F-AC7D-CB44-90DF-E0BD36F54783}.Debug|x64.Build.0 = Debug|x64
		{46A42E03-74E7-5F4E-8A12-82E627A174C7}.Release|Win32.ActiveCfg = Release|Win32
		{46A42E03-74E7-5F4E-8A12-82E627A174C7}.Release|Win32.Build.0 = Release|Win32
		{46A42E03-74E7-5F4E-8A12-82E627A174C7}.Release|x64.ActiveCfg = Release|x64
		{46A42E03-74E7-5F4E-8A12-82E627A174C7}.Release|x64.Build.0 = Release|x64
		{46A42E03-74E7-5F4E-8A12-82E627A174C7}.Debug|Win32.ActiveCfg = Debug|Win32
		{46A42E03-74E7-5F4E-8A12-82E627A174C7}.Debug|Win32.Build.0 = Debug|Win32
		{46A42E03-74E7-5F4E-8A12-82E627A174C7}.Debug|x64.ActiveCfg = Debug|x64
		{46A42E03-74E7-5F4E-8A12-82E627A174C7}.Debug|x64.Build.0 = Debug|x64
		{94B18EF2-AEE6-F746-90F6-B8EBC997F6AE}.Release|Win32.ActiveCfg = Release|Win32
		{94B18EF2-AEE6-F746-90F6-B8EBC997F6AE}.Release|Win32.Build.0 = Release|Win32
		{94B18EF2-AEE6-F746-90F6-B8EBC997F6AE}.Release|x64.ActiveCfg = Release|x64
		{94B18EF2-AEE6-F746-90F6-B8EBC997F6AE}.Release|x64.Build.0 = Release|x64
		{94B18EF2-AEE6-F746-90F6-B8EBC997F6AE}.Debug|Win32.ActiveCfg = Debug|Win32
		{94B18EF2-AEE6-F746-90F6-B8EBC997F6AE}.Debug|Win32.Build.0 = Debug|Win32
		{94B18EF2-AEE6-F746-90F6-B8EBC997F6AE}.Debug|x64.ActiveCfg = Debug|x64
		{94B18EF2-AEE6-F746-90F6-B8EBC997F6AE}.Debug|x64.Build.0 = Debug|x64
		{69E50007-2AE1-684A-8056-C77337F43DA2}.Release|Win32.ActiveCfg = Release|Win32
		{69E50007-2AE1-684A-8056-C77337F43DA2}.Release|Win32.Build.0 = Release|Win32
		{69E50007-2AE1-684A-8056-C77337F43DA2}.Release|x64.ActiveCfg = Release|x64
		{69E50007-2AE1-684A-8056-C77337F43DA2}.Release|x64.Build.0 = Release|x64
		{69E50007-2AE1-684A-8056-C77337F43DA2}.Debug|Win32.ActiveCfg = Debug|Win32
		{69E50007-2AE1-684A-8056-C77337F43DA2}.Debug|Win32.Build.0 = Debug|Win32
		{69E50007-2AE1-684A-8056-C77337F43DA2}.Debug|x64.ActiveCfg = Debug|x64
		{69E50007-2AE1-684A-8056-C77337F43DA2}.Debug|x64.Build.0 = Debug|x64
		{4F7DCB63-1259-1549-A8BF-529B4915C343}.Release|Win32.ActiveCfg = Release|Win32
		{4F7DCB63-1259-1549-A8BF-529B4915C343}.Release|Win32.Build.0 = Release|Win32
		{4F7DCB63-1259-1549-A8BF-529B4915C343}.Release|x64.ActiveCfg = Release|x64
		{4F7DCB63-1259-1549-A8BF-529B4915C343}.Release|x64.Build.0 = Release|x64
		{4F7DCB63-1259-1549-A8BF-529B4915C343}.Debug|Win32.ActiveCfg = Debug|Win32
		{4F7DCB63-1259-1549-A8BF-529B4915C343}.Debug|Win32.Build.0 = Debug|Win32
		{4F7DCB63-1259-1549-A8BF-529B4915C343}.Debug|x64.ActiveCfg = Debug|x64
		{4F7DCB63-1259-1549-A8BF-529B4915C343}.Debug|x64.Build.0 = Debug|x64
		{ED8EDA14-18C4-9F47-A92C-E85F0A8E951F}.Release|Win32.ActiveCfg = Release|Win32
		{ED8EDA14-18C4-9F47-A92C-E85F0A8E951F}.Release|Win32.Build.0 = Release|Win32
		{ED8EDA14-18C4-9F47-A92C-E85F0A8E951F}.Release|x64.ActiveCfg = Release|x64
		{ED8EDA14-18C4-9F47-A92C-E85F0A8E951F}.Release|x64.Build.0 = Release|x64
		{ED8EDA14-18C4-9F47-A92C-E85F0A8E951F}.Debug|Win32.ActiveCfg = Debug|Win32
		{ED8EDA14-18C4-9F47-A92C-E85F0A8E951F}.Debug|Win32.Build.0 = Debug|Win32
		{ED8EDA14-18C4-9F47-A92C-E85F0A8E951F}.Debug|x64.ActiveCfg = Debug|x64
		{ED8EDA14-18C4-9F47-A92C-E85F0A8E951F}.Debug|x64.Build.0 = Debug|x64
		{948C7339-34E6-A84D-BAD0-E8B381900C51}.Release|Win32.ActiveCfg = Release|Win32
		{948C7339-34E6-A84D-BAD0-E8B381900C51}.Release|Win32.Build.0 = Release|Win32
		{948C7339-34E6-A84D-BAD0-E8B381900C51}.Release|x64.ActiveCfg = Release|x64
		{948C7339-34E6-A84D-BAD0-E8B381900C51}.Release|x64.Build.0 = Release|x64
		{948C7339-34E6-A84D-BAD0-E8B381900C51}.Debug|Win32.ActiveCfg = Debug|Win32
		{948C7339-34E6-A84D-BAD0-E8B381900C51}.Debug|Win32.Build.0 = Debug|Win32
		{948C7339-34E6-A84D-BAD0-E8B381900C51}.Debug|x64.ActiveCfg = Debug|x64
		{948C7339-34E6-A84D-BAD0-E8B381900C51}.Debug|x64.Build.0 = Debug|x64
		{931DAF24-7951-554D-A6FB-531E149A19F6}.Release|Win32.ActiveCfg = Release|Win32
		{931DAF24-7951-554D-A6FB-531E149A19F6}.Release|Win32.Build.0 = Release|Win32
		{931DAF24-7951-554D-A6FB-531E149A19F6}.Release|x64.ActiveCfg = Release|x64
		{931DAF24-7951-554D-A6FB-531E149A19F6}.Release|x64.Build.0 = Release|x64
		{931DAF24-7951-554D-A6FB-531E149A19F6}.Debug|Win32.ActiveCfg = Debug|Win32
		{931DAF24-7951-554D-A6FB-531E149A19F6}.Debug|Win32.Build.0 = Debug|Win32
		{931DAF24-7951-554D-A6FB-531E149A19F6}.Debug|x64.ActiveCfg = Debug|x64
		{931DAF24-7951-554D-A6FB-531E149A19F6}.Debug|x64.Build.0 = Debug|x64
		{198E1D6A-4DE8-6F4A-B8E3-586984CA3654}.Release|Win32.ActiveCfg = Release|Win32
		{198E1D6A-4DE8-6F4A-B8E3-586984CA3654}.Release|Win32.Build.0 = Release|Win32
		{198E1D6A-4DE8-6F4A-B8E3-586984CA3654}.Release|x64.ActiveCfg = Release|x64
		{198E1D6A-4DE8-6F4A-B8E3-586984CA3654}.Release|x64.Build.0 = Release|x64
		{198E1D6A-4DE8-6F4A-B8E3-586984CA3654}.Debug|Win32.ActiveCfg = Debug|Win32
		{198E1D6A-4DE8-6F4A-B8E3-586984CA3654}.Debug|Win32.Build.0 = Debug|Win32
		{198E1D6A-4DE8-6F4A-B8E3-586984CA3654}.Debug|x64.ActiveCfg = Debug|x64
		{198E1D6A-4DE8-6F4A-B8E3-586984CA3654}.Debug|x64.Build.0 = Debug|x64
		{BBE1DBBB-3768-7849-8E30-3445EE720834}.Release|Win32.ActiveCfg = Release|Win32
		{BBE1DBBB-3768-7849-8E30-3445EE720834}.Release|Win32.Build.0 = Release|Win32
		{BBE1DBBB-3768-7849-8E30-3445EE720834}.Release|x64.ActiveCfg = Release|x64
		{BBE1DBBB-3768-7849-8E30-3445EE720834}.Release|x64.Build.0 = Release|x64
		{BBE1DBBB-3768-7849-8E30-3445EE720834}.Debug|Win32.ActiveCfg = Debug|Win32
		{BBE1DBBB-3768-7849-8E30-3445EE720834}.Debug|Win32.Build.0 = Debug|Win32
		{BBE1DBBB-3768-7849-8E30-3445EE720834}.Debug|x64.ActiveCfg = Debug|x64
		{BBE1DBBB-3768-7849-8E30-3445EE720834}.Debug|x64.Build.0 = Debug|x64
		{235BCECF-67F8-9B4B-BE4D-A93FB17CA4FA}.Release|Win32.ActiveCfg = Release|Win32
		{235BCECF-67F8-9B4B-BE4D-A93FB17CA4FA}.Release|Win32.Build.0 = Release|Win32
		{235BCECF-67F8-9B4B-BE4D-A93FB17CA4FA}.Release|x64.ActiveCfg = Release|x64
		{235BCECF-67F8-9B4B-BE4D-A93FB17CA4FA}.Release|x64.Build.0 = Release|x64
		{235BCECF-67F8-9B4B-BE4D-A93FB17CA4FA}.Debug|Win32.ActiveCfg = Debug|Win32
		{235BCECF-67F8-9B4B-BE4D-A93FB17CA4FA}.Debug|Win32.Build.0 = Debug|Win32
		{235BCECF-67F8-9B4B-BE4D-A93FB17CA4FA}.Debug|x64.ActiveCfg = Debug|x64
		{235BCECF-67F8-9B4B-BE4D-A93FB17CA4FA}.Debug|x64.Build.0 = Debug|x64
		{03C21D86-C7AA-594A-A462-129E15289780}.Release|Win32.ActiveCfg = Release|Win32
		{03C21D86-C7AA-594A-A462-129E15289780}.Release|Win32.Build.0 = Release|Win32
		{03C21D86-C7AA-594A-A462-129E15289780}.Release|x64.ActiveCfg = Release|x64
		{03C21D86-C7AA-594A-A462-129E15289780}.Release|x64.Build.0 = Release|x64
		{03C21D86-C7AA-594A-A462-129E15289780}.Debug|Win32.ActiveCfg = Debug|Win32
		{03C21D86-C7AA-594A-A462-129E15289780}.Debug|Win32.Build.0 = Debug|Win32
		{03C21D86-C7AA-594A-A462-129E15289780}.Debug|x64.ActiveCfg = Debug|x64
		{03C21D86-C7AA-594A-A462-129E15289780}.Debug|x64.Build.0 = Debug|x64
		{2BC2AA40-E7A2-4A47-BF1F-2E753AF929BD}.Release|Win32.ActiveCfg = Release|Win32
		{2BC2AA40-E7A2-4A47-BF1F-2E753AF929BD}.Release|Win32.Build.0 = Release|Win32
		{2BC2AA40-E7A2-4A47-BF1F-2E753AF929BD}.Release|x64.ActiveCfg = Release|x64
		{2BC2AA40-E7A2-4A47-BF1F-2E753AF929BD}.Release|x64.Build.0 = Release|x64
		{2BC2AA40-E7A2-4A47-BF1F-2E753AF929BD}.Debug|Win32.ActiveCfg = Debug|Win32
		{2BC2AA40-E7A2-4A47-BF1F-2E753AF929BD}.Debug|Win32.Build.0 = Debug|Win32
		{2BC2AA40-E7A2-4A47-BF1F-2E753AF929BD}.Debug|x64.ActiveCfg = Debug|x64
		{2BC2AA40-E7A2-4A47-BF1F-2E753AF929BD}.Debug|x64.Build.0 = Debug|x64
		{55028FA6-4D78-8C4C-9B41-F256EC06E186}.Release|Win32.ActiveCfg = Release|Win32
		{55028FA6-4D78-8C4C-9B41-F256EC06E186}.Release|Win32.Build.0 = Release|Win32
		{55028FA6-4D78-8C4C-9B41-F256EC06E186}.Release|x64.ActiveCfg = Release|x64
		{55028FA6-4D78-8C4C-9B41-F256EC06E186}.Release|x64.Build.0 = Release|x64
		{55028FA6-4D78-8C4C-9B41-F256EC06E186}.Debug|Win32.ActiveCfg = Debug|Win32
		{55028FA6-4D78-8C4C-9B41-F256EC06E186}.Debug|Win32.Build.0 = Debug|Win32
		{55028FA6-4D78-8C4C-9B41-F256EC06E186}.Debug|x64.ActiveCfg = Debug|x64
		{55028FA6-4D78-8C4C-9B41-F256EC06E186}.Debug|x64.Build.0 = Debug|x64
		{8DA45B01-CF4F-5F42-941E-C0281559EA6C}.Release|Win32.ActiveCfg = Release|Win32
		{8DA45B01-CF4F-5F42-941E-C0281559EA6C}.Release|Win32.Build.0 = Release|Win32
		{8DA45B01-CF4F-5F42-941E-C0281559EA6C}.Release|x64.ActiveCfg = Release|x64
		{8DA45B01-CF4F-5F42-941E-C0281559EA6C}.Release|x64.Build.0 = Release|x64
		{8DA45B01-CF4F-5F42-941E-C0281559EA6C}.Debug|Win32.ActiveCfg = Debug|Win32
		{8DA45B01-CF4F-5F42-941E-C0281559EA6C}.Debug|Win32.Build.0 = Debug|Win32
		{8DA45B01-CF4F-5F42-941E-C0281559EA6C}.Debug|x64.ActiveCfg = Debug|x64
		{8DA45B01-CF4F-5F42-941E-C0281559EA6C}.Debug|x64.Build.0 = Debug|x64
		{6AB75111-5605-C14A-B182-818354D2A554}.Release|Win32.ActiveCfg = Release|Win32
		{6AB75111-5605-C14A-B182-818354D2A554}.Release|Win32.Build.0 = Release|Win32
		{6AB75111-5605-C14A-B182-818354D2A554}.Release|x64.ActiveCfg = Release|x64
		{6AB75111-5605-C14A-B182-818354D2A554}.Release|x64.Build.0 = Release|x64
		{6AB75111-5605-C14A-B182-818354D2A554}.Debug|Win32.ActiveCfg = Debug|Win32
		{6AB75111-5605-C14A-B182-818354D2A554}.Debug|Win32.Build.0 = Debug|Win32
		{6AB75111-5605-C14A-B182-818354D2A554}.Debug|x64.ActiveCfg = Debug|x64
		{6AB75111-5605-C14A-B182-818354D2A554}.Debug|x64.Build.0 = Debug|x64
		{71DBE03F-1EC3-CD49-AEC2-53BEFB3678CA}.Release|Win32.ActiveCfg = Release|Win32
		{71DBE03F-1EC3-CD49-AEC2-53BEFB3678CA}.Release|Win32.Build.0 = Release|Win32
		{71DBE03F-1EC3-CD49-AEC2-53BEFB3678CA}.Release|x64.ActiveCfg = Release|x64
		{71DBE03F-1EC3-CD49-AEC2-53BEFB3678CA}.Release|x64.Build.0 = Release|x64
		{71DBE03F-1EC3-CD49-AEC2-53BEFB3678CA}.Debug|Win32.ActiveCfg = Debug|Win32
		{71DBE03F-1EC3-CD49-AEC2-53BEFB3678CA}.Debug|Win32.Build.0 = Debug|Win32
		{71DBE03F-1EC3-CD49-AEC2-53BEFB3678CA}.Debug|x64.ActiveCfg = Debug|x64
		{71DBE03F-1EC3-CD49-AEC2-53BEFB3678CA}.Debug|x64.Build.0 = Debug|x64
		{D2C89634-2FA9-CD40-8DB7-D7F3BB0A136B}.Release|Win32.ActiveCfg = Release|Win32
		{D2C89634-2FA9-CD40-8DB7-D7F3BB0A136B}.Release|Win32.Build.0 = Release|Win32
		{D2C89634-2FA9-CD40-8DB7-D7F3BB0A136B}.Release|x64.ActiveCfg = Release|x64
		{D2C89634-2FA9-CD40-8DB7-D7F3BB0A136B}.Release|x64.Build.0 = Release|x64
		{D2C89634-2FA9-CD40-8DB7-D7F3BB0A136B}.Debug|Win32.ActiveCfg = Debug|Win32
		{D2C89634-2FA9-CD40-8DB7-D7F3BB0A136B}.Debug|Win32.Build.0 = Debug|Win32
		{D2C89634-2FA9-CD40-8DB7-D7F3BB0A136B}.Debug|x64.ActiveCfg = Debug|x64
		{D2C89634-2FA9-CD40-8DB7-D7F3BB0A136B}.Debug|x64.Build.0 = Debug|x64
		{FB2C0E6A-068A-EC40-89AB-2DFEC2474DD7}.Release|Win32.ActiveCfg = Release|Win32
		{FB2C0E6A-068A-EC40-89AB-2DFEC2474DD7}.Release|Win32.Build.0 = Release|Win32
		{FB2C0E6A-068A-EC40-89AB-2DFEC2474DD7}.Release|x64.ActiveCfg = Release|x64
		{FB2C0E6A-068A-EC40-89AB-2DFEC2474DD7}.Release|x64.Build.0 = Release|x64
		{FB2C0E6A-068A-EC40-89AB-2DFEC2474DD7}.Debug|Win32.ActiveCfg = Debug|Win32
		{FB2C0E6A-068A-EC40-89AB-2DFEC2474DD7}.Debug|Win32.Build.0 = Debug|Win32
		{FB2C0E6A-068A-EC40-89AB-2DFEC2474DD7}.Debug|x64.ActiveCfg = Debug|x64
		{FB2C0E6A-068A-EC40-89AB-2DFEC2474DD7}.Debug|x64.Build.0 = Debug|x64
		{92BEADEE-217C-BE47-AD6E-3C9B9CB73EC5}.Release|Win32.ActiveCfg = Release|Win32
		{92BEADEE-217C-BE47-AD6E-3C9B9CB73EC5}.Release|Win32.Build.0 = Release|Win32
		{92BEADEE-217C-BE47-AD6E-3C9B9CB73EC5}.Release|x64.ActiveCfg = Release|x64
		{92BEADEE-217C-BE47-AD6E-3C9B9CB73EC5}.Release|x64.Build.0 = Release|x64
		{92BEADEE-217C-BE47-AD6E-3C9B9CB73EC5}.Debug|Win32.ActiveCfg = Debug|Win32
		{92BEADEE-217C-BE47-AD6E-3C9B9CB73EC5}.Debug|Win32.Build.0 = Debug|Win32
		{92BEADEE-217C-BE47-AD6E-3C9B9CB73EC5}.Debug|x64.ActiveCfg = Debug|x64
		{92BEADEE-217C-BE47-AD6E-3C9B9CB73EC5}.Debug|x64.Build.0 = Debug|x64
		{01C9D9DC-0792-084C-B33C-12288498E1E4}.Release|Win32.ActiveCfg = Release|Win32
		{01C9D9DC-0792-084C-B33C-12288498E1E4}.Release|Win32.Build.0 = Release|Win32
		{01C9D9DC-0792-084C-B33C-12288498E1E4}.Release|x64.ActiveCfg = Release|x64
		{01C9D9DC-0792-084C-B33C-12288498E1E4}.Release|x64.Build.0 = Release|x64
		{01C9D9DC-0792-084C-B33C-12288498E1E4}.Debug|Win32.ActiveCfg = Debug|Win32
		{01C9D9DC-0792-084C-B33C-12288498E1E4}.Debug|Win32.Build.0 = Debug|Win32
		{01C9D9DC-0792-084C-B33C-12288498E1E4}.Debug|x64.ActiveCfg = Debug|x64
		{01C9D9DC-0792-084C-B33C-12288498E1E4}.Debug|x64.Build.0 = Debug|x64
		{0C296AD4-753E-EB4E-A835-F24B2F8BC470}.Release|Win32.ActiveCfg = Release|Win32
		{0C296AD4-753E-EB4E-A835-F24B2F8BC470}.Release|Win32.Build.0 = Release|Win32
		{0C296AD4-753E-EB4E-A835-F24B2F8BC470}.Release|x64.ActiveCfg = Release|x64
		{0C296AD4-753E-EB4E-A835-F24B2F8BC470}.Release|x64.Build.0 = Release|x64
		{0C296AD4-753E-EB4E-A835-F24B2F8BC470}.Debug|Win32.ActiveCfg = Debug|Win32
		{0C296AD4-753E-EB4E-A835-F24B2F8BC470}.Debug|Win32.Build.0 = Debug|Win32
		{0C296AD4-753E-EB4E-A835-F24B2F8BC470}.Debug|x64.ActiveCfg = Debug|x64
		{0C296AD4-753E-EB4E-A835-F24B2F8BC470}.Debug|x64.Build.0 = Debug|x64
		{04464443-F361-EF47-8BBA-B124B01C9F85}.Release|Win32.ActiveCfg = Release|Win32
		{04464443-F361-EF47-8BBA-B124B01C9F85}.Release|Win32.Build.0 = Release|Win32
		{04464443-F361-EF47-8BBA-B124B01C9F85}.Release|x64.ActiveCfg = Release|x64
		{04464443-F361-EF47-8BBA-B124B01C9F85}.Release|x64.Build.0 = Release|x64
		{04464443-F361-EF47-8BBA-B124B01C9F85}.Debug|Win32.ActiveCfg = Debug|Win32
		{04464443-F361-EF47-8BBA-B124B01C9F85}.Debug|Win32.Build.0 = Debug|Win32
		{04464443-F361-EF47-8BBA-B124B01C9F85}.Debug|x64.ActiveCfg = Debug|x64
		{04464443-F361-EF47-8BBA-B124B01C9F85}.Debug|x64.Build.0 = Debug|x64
		{47EA7DB4-9602-B34C-BBE2-74B86E0222E3}.Release|Win32.ActiveCfg = Release|Win32
		{47EA7DB4-9602-B34C-BBE2-74B86E0222E3}.Release|Win32.Build.0 = Release|Win32
		{47EA7DB4-9602-B34C-BBE2-74B86E0222E3}.Release|x64.ActiveCfg = Release|x64
		{47EA7DB4-9602-B34C-BBE2-74B86E0222E3}.Release|x64.Build.0 = Release|x64
		{47EA7DB4-9602-B34C-BBE2-74B86E0222E3}.Debug|Win32.ActiveCfg = Debug|Win32
		{47EA7DB4-9602-B34C-BBE2-74B86E0222E3}.Debug|Win32.Build.0 = Debug|Win32
		{47EA7DB4-9602-B34C-BBE2-74B86E0222E3}.Debug|x64.ActiveCfg = Debug|x64
		{47EA7DB4-9602-B34C-BBE2-74B86E0222E3}.Debug|x64.Build.0 = Debug|x64
		{937D3DDB-B8DE-3F4E-99C5-FA855D294780}.Release|Win32.ActiveCfg = Release|Win32
		{937D3DDB-B8DE-3F4E-99C5-FA855D294780}.Release|Win32.Build.0 = Release|Win32
		{937D3DDB-B8DE-3F4E-99C5-FA855D294780}.Release|x64.ActiveCfg = Release|x64
		{937D3DDB-B8DE-3F4E-99C5-FA855D294780}.Release|x64.Build.0 = Release|x64
		{937D3DDB-B8DE-3F4E-99C5-FA855D294780}.Debug|Win32.ActiveCfg = Debug|Win32
		{937D3DDB-B8DE-3F4E-99C5-FA855D294780}.Debug|Win32.Build.0 = Debug|Win32
		{937D3DDB-B8DE-3F4E-99C5-FA855D294780}.Debug|x64.ActiveCfg = Debug|x64
		{937D3DDB-B8DE-3F4E-99C5-FA855D294780}.Debug|x64.Build.0 = Debug|x64
		{DFDE0B96-2AB5-F741-9A49-6FB70779DAA9}.Release|Win32.ActiveCfg = Release|Win32
		{DFDE0B96-2AB5-F741-9A49-6FB70779DAA9}.Release|Win32.Build.0 = Release|Win32
		{DFDE0B96-2AB5-F741-9A49-6FB70779DAA9}.Release|x64.ActiveCfg = Release|x64
		{DFDE0B96-2AB5-F741-9A49-6FB70779DAA9}.Release|x64.Build.0 = Release|x64
		{DFDE0B96-2AB5-F741-9A49-6FB70779DAA9}.Debug|Win32.ActiveCfg = Debug|Win32
		{DFDE0B96-2AB5-F741-9A49-6FB70779DAA9}.Debug|Win32.Build.0 = Debug|Win32
		{DFDE0B96-2AB5-F741-9A49-6FB70779DAA9}.Debug|x64.ActiveCfg = Debug|x64
		{DFDE0B96-2AB5-F741-9A49-6FB70779DAA9}.Debug|x64.Build.0 = Debug|x64
		{B1FEF1A5-B570-B442-AFD0-A2A2E2FBC131}.Release|Win32.ActiveCfg = Release|Win32
		{B1FEF1A5-B570-B442-AFD0-A2A2E2FBC131}.Release|Win32.Build.0 = Release|Win32
		{B1FEF1A5-B570-B442-AFD0-A2A2E2FBC131}.Release|x64.ActiveCfg = Release|x64
		{B1FEF1A5-B570-B442-AFD0-A2A2E2FBC131}.Release|x64.Build.0 = Release|x64
		{B1FEF1A5-B570-B442-AFD0-A2A2E2FBC131}.Debug|Win32.ActiveCfg = Debug|Win32
		{B1FEF1A5-B570-B442-AFD0-A2A2E2FBC131}.Debug|Win32.Build.0 = Debug|Win32
		{B1FEF1A5-B570-B442-AFD0-A2A2E2FBC131}.Debug|x64.ActiveCfg = Debug|x64
		{B1FEF1A5-B570-B442-AFD0-A2A2E2FBC131}.Debug|x64.Build.0 = Debug|x64
		{87D141EA-C697-E146-8336-1D978138A437}.Release|Win32.ActiveCfg = Release|Win32
		{87D141EA-C697-E146-8336-1D978138A437}.Release|Win32.Build.0 = Release|Win32
		{87D141EA-C697-E146-8336-1D978138A437}.Release|x64.ActiveCfg = Release|x64
		{87D141EA-C697-E146-8336-1D978138A437}.Release|x64.Build.0 = Release|x64
		{87D141EA-C697-E146-8336-1D978138A437}.Debug|Win32.ActiveCfg = Debug|Win32
		{87D141EA-C697-E146-8336-1D978138A437}.Debug|Win32.Build.0 = Debug|Win32
		{87D141EA-C697-E146-8336-1D978138A437}.Debug|x64.ActiveCfg = Debug|x64
		{87D141EA-C697-E146-8336-1D978138A437}.Debug|x64.Build.0 = Debug|x64
		{AA39C6CA-0D3A-3349-9E40-4035BD7AD4D4}.Release|Win32.ActiveCfg = Release|Win32
		{AA39C6CA-0D3A-3349-9E40-4035BD7AD4D4}.Release|Win32.Build.0 = Release|Win32
		{AA39C6CA-0D3A-3349-9E40-4035BD7AD4D4}.Release|x64.ActiveCfg = Release|x64
		{AA39C6CA-0D3A-3349-9E40-4035BD7AD4D4}.Release|x64.Build.0 = Release|x64
		{AA39C6CA-0D3A-3349-9E40-4035BD7AD4D4}.Debug|Win32.ActiveCfg = Debug|Win32
		{AA39C6CA-0D3A-3349-9E40-4035BD7AD4D4}.Debug|Win32.Build.0 = Debug|Win32
		{AA39C6CA-0D3A-3349-9E40-4035BD7AD4D4}.Debug|x64.ActiveCfg = Debug|x64
		{AA39C6CA-0D3A-3349-9E40-4035BD7AD4D4}.Debug|x64.Build.0 = Debug|x64
		{0B0CB495-DF3F-E145-A6F1-9A6F97E9C996}.Release|Win32.ActiveCfg = Release|Win32
		{0B0CB495-DF3F-E145-A6F1-9A6F97E9C996}.Release|Win32.Build.0 = Release|Win32
		{0B0CB495-DF3F-E145-A6F1-9A6F97E9C996}.Release|x64.ActiveCfg = Release|x64
		{0B0CB495-DF3F-E145-A6F1-9A6F97E9C996}.Release|x64.Build.0 = Release|x64
		{0B0CB495-DF3F-E145-A6F1-9A6F97E9C996}.Debug|Win32.ActiveCfg = Debug|Win32
		{0B0CB495-DF3F-E145-A6F1-9A6F97E9C996}.Debug|Win32.Build.0 = Debug|Win32
		{0B0CB495-DF3F-E145-A6F1-9A6F97E9C996}.Debug|x64.ActiveCfg = Debug|x64
		{0B0CB495-DF3F-E145-A6F1-9A6F97E9C996}.Debug|x64.Build.0 = Debug|x64
		{70EC2770-7862-894C-835E-F72147129D41}.Release|Win32.ActiveCfg = Release|Win32
		{70EC2770-7862-894C-835E-F72147129D41}.Release|Win32.Build.0 = Release|Win32
		{70EC2770-7862-894C-835E-F72147129D41}.Release|x64.ActiveCfg = Release|x64
		{70EC2770-7862-894C-835E-F72147129D41}.Release|x64.Build.0 = Release|x64
		{70EC2770-7862-894C-835E-F72147129D41}.Debug|Win32.ActiveCfg = Debug|Win32
		{70EC2770-7862-894C-835E-F72147129D41}.Debug|Win32.Build.0 = Debug|Win32
		{70EC2770-7862-894C-835E-F72147129D41}.Debug|x64.ActiveCfg = Debug|x64
		{70EC2770-7862-894C-835E-F72147129D41}.Debug|x64.Build.0 = Debug|x64
		{F7360B4F-8A96-8648-BA0B-FC953479B390}.Release|Win32.ActiveCfg = Release|Win32
		{F7360B4F-8A96-8648-BA0B-FC953479B390}.Release|Win32.Build.0 = Release|Win32
		{F7360B4F-8A96-8648-BA0B-FC953479B390}.Release|x64.ActiveCfg = Release|x64
		{F7360B4F-8A96-8648-BA0B-FC953479B390}.Release|x64.Build.0 = Release|x64
		{F7360B4F-8A96-8648-BA0B-FC953479B390}.Debug|Win32.ActiveCfg = Debug|Win32
		{F7360B4F-8A96-8648-BA0B-FC953479B390}.Debug|Win32.Build.0 = Debug|Win32
		{F7360B4F-8A96-8648-BA0B-FC953479B390}.Debug|x64.ActiveCfg = Debug|x64
		{F7360B4F-8A96-8648-BA0B-FC953479B390}.Debug|x64.Build.0 = Debug|x64
		{0816898F-97B5-E34D-BE2A-0B49D6D555CC}.Release|Win32.ActiveCfg = Release|Win32
		{0816898F-97B5-E34D-BE2A-0B49D6D555CC}.Release|Win32.Build.0 = Release|Win32
		{0816898F-97B5-E34D-BE2A-0B49D6D555CC}.Release|x64.ActiveCfg = Release|x64
		{0816898F-97B5-E34D-BE2A-0B49D6D555CC}.Release|x64.Build.0 = Release|x64
		{0816898F-97B5-E34D-BE2A-0B49D6D555CC}.Debug|Win32.ActiveCfg = Debug|Win32
		{0816898F-97B5-E34D-BE2A-0B49D6D555CC}.Debug|Win32.Build.0 = Debug|Win32
		{0816898F-97B5-E34D-BE2A-0B49D6D555CC}.Debug|x64.ActiveCfg = Debug|x64
		{0816898F-97B5-E34D-BE2A-0B49D6D555CC}.Debug|x64.Build.0 = Debug|x64
		{2AED4137-8E11-AE4C-9E3A-E2BDAEAFA757}.Release|Win32.ActiveCfg = Release|Win32
		{2AED4137-8E11-AE4C-9E3A-E2BDAEAFA757}.Release|Win32.Build.0 = Release|Win32
		{2AED4137-8E11-AE4C-9E3A-E2BDAEAFA757}.Release|x64.ActiveCfg = Release|x64
		{2AED4137-8E11-AE4C-9E3A-E2BDAEAFA757}.Release|x64.Build.0 = Release|x64
		{2AED4137-8E11-AE4C-9E3A-E2BDAEAFA757}.Debug|Win32.ActiveCfg = Debug|Win32
		{2AED4137-8E11-AE4C-9E3A-E2BDAEAFA757}.Debug|Win32.Build.0 = Debug|Win32
		{2AED4137-8E11-AE4C-9E3A-E2BDAEAFA757}.Debug|x64.ActiveCfg = Debug|x64
		{2AED4137-8E11-AE4C-9E3A-E2BDAEAFA757}.Debug|x64.Build.0 = Debug|x64
		{D3EB70E3-EC23-C547-A115-4D9EB71B2DBC}.Release|Win32.ActiveCfg = Release|Win32
		{D3EB70E3-EC23-C547-A115-4D9EB71B2DBC}.Release|Win32.Build.0 = Release|Win32
		{D3EB70E3-EC23-C547-A115-4D9EB71B2DBC}.Release|x64.ActiveCfg = Release|x64
		{D3EB70E3-EC23-C547-A115-4D9EB71B2DBC}.Release|x64.Build.0 = Release|x64
		{D3EB70E3-EC23-C547-A115-4D9EB71B2DBC}.Debug|Win32.ActiveCfg = Debug|Win32
		{D3EB70E3-EC23-C547-A115-4D9EB71B2DBC}.Debug|Win32.Build.0 = Debug|Win32
		{D3EB70E3-EC23-C547-A115-4D9EB71B2DBC}.Debug|x64.ActiveCfg = Debug|x64
		{D3EB70E3-EC23-C547-A115-4D9EB71B2DBC}.Debug|x64.Build.0 = Debug|x64
		{F6211632-72C0-B14F-9BD8-580F0F7119F8}.Release|Win32.ActiveCfg = Release|Win32
		{F6211632-72C0-B14F-9BD8-580F0F7119F8}.Release|Win32.Build.0 = Release|Win32
		{F6211632-72C0-B14F-9BD8-580F0F7119F8}.Release|x64.ActiveCfg = Release|x64
		{F6211632-72C0-B14F-9BD8-580F0F7119F8}.Release|x64.Build.0 = Release|x64
		{F6211632-72C0-B14F-9BD8-580F0F7119F8}.Debug|Win32.ActiveCfg = Debug|Win32
		{F6211632-72C0-B14F-9BD8-580F0F7119F8}.Debug|Win32.Build.0 = Debug|Win32
		{F6211632-72C0-B14F-9BD8-580F0F7119F8}.Debug|x64.ActiveCfg = Debug|x64
		{F6211632-72C0-B14F-9BD8-580F0F7119F8}.Debug|x64.Build.0 = Debug|x64
		{36F330D7-D33F-1943-A673-9C9846EDBF89}.Release|Win32.ActiveCfg = Release|Win32
		{36F330D7-D33F-1943-A673-9C9846EDBF89}.Release|Win32.Build.0 = Release|Win32
		{36F330D7-D33F-1943-A673-9C9846EDBF89}.Release|x64.ActiveCfg = Release|x64
		{36F330D7-D33F-1943-A673-9C9846EDBF89}.Release|x64.Build.0 = Release|x64
		{36F330D7-D33F-1943-A673-9C9846EDBF89}.Debug|Win32.ActiveCfg = Debug|Win32
		{36F330D7-D33F-1943-A673-9C9846EDBF89}.Debug|Win32.Build.0 = Debug|Win32
		{36F330D7-D33F-1943-A673-9C9846EDBF89}.Debug|x64.ActiveCfg = Debug|x64
		{36F330D7-D33F-1943-A673-9C9846EDBF89}.Debug|x64.Build.0 = Debug|x64
		{1B4967D5-D7F8-2D41-95BC-78B3527EBC70}.Release|Win32.ActiveCfg = Release|Win32
		{1B4967D5-D7F8-2D41-95BC-78B3527EBC70}.Release|Win32.Build.0 = Release|Win32
		{1B4967D5-D7F8-2D41-95BC-78B3527EBC70}.Release|x64.ActiveCfg = Release|x64
		{1B4967D5-D7F8-2D41-95BC-78B3527EBC70}.Release|x64.Build.0 = Release|x64
		{1B4967D5-D7F8-2D41-95BC-78B3527EBC70}.Debug|Win32.ActiveCfg = Debug|Win32
		{1B4967D5-D7F8-2D41-95BC-78B3527EBC70}.Debug|Win32.Build.0 = Debug|Win32
		{1B4967D5-D7F8-2D41-95BC-78B3527EBC70}.Debug|x64.ActiveCfg = Debug|x64
		{1B4967D5-D7F8-2D41-95BC-78B3527EBC70}.Debug|x64.Build.0 = Debug|x64
		{5DAEF626-6BA5-A742-99FC-CA63A2176392}.Release|Win32.ActiveCfg = Release|Win32
		{5DAEF626-6BA5-A742-99FC-CA63A2176392}.Release|Win32.Build.0 = Release|Win32
		{5DAEF626-6BA5-A742-99FC-CA63A2176392}.Release|x64.ActiveCfg = Release|x64
		{5DAEF626-6BA5-A742-99FC-CA63A2176392}.Release|x64.Build.0 = Release|x64
		{5DAEF626-6BA5-A742-99FC-CA63A2176392}.Debug|Win32.ActiveCfg = Debug|Win32
		{5DAEF626-6BA5-A742-99FC-CA63A2176392}.Debug|Win32.Build.0 = Debug|Win32
		{5DAEF626-6BA5-A742-99FC-CA63A2176392}.Debug|x64.ActiveCfg = Debug|x64
		{5DAEF626-6BA5-A742-99FC-CA63A2176392}.Debug|x64.Build.0 = Debug|x64
		{C83026F3-14DB-B54E-9484-87160EEB4A32}.Release|Win32.ActiveCfg = Release|Win32
		{C83026F3-14DB-B54E-9484-87160EEB4A32}.Release|Win32.Build.0 = Release|Win32
		{C83026F3-14DB-B54E-9484-87160EEB4A32}.Release|x64.ActiveCfg = Release|x64
		{C83026F3-14DB-B54E-9484-87160EEB4A32}.Release|x64.Build.0 = Release|x64
		{C83026F3-14DB-B54E-9484-87160EEB4A32}.Debug|Win32.ActiveCfg = Debug|Win32
		{C83026F3-14DB-B54E-9484-87160EEB4A32}.Debug|Win32.Build.0 = Debug|Win32
		{C83026F3-14DB-B54E-9484-87160EEB4A32}.Debug|x64.ActiveCfg = Debug|x64
		{C83026F3-14DB-B54E-9484-87160EEB4A32}.Debug|x64.Build.0 = Debug|x64
		{7B21045C-1552-DA46-8AFE-7768870D897B}.Release|Win32.ActiveCfg = Release|Win32
		{7B21045C-1552-DA46-8AFE-7768870D897B}.Release|Win32.Build.0 = Release|Win32
		{7B21045C-1552-DA46-8AFE-7768870D897B}.Release|x64.ActiveCfg = Release|x64
		{7B21045C-1552-DA46-8AFE-7768870D897B}.Release|x64.Build.0 = Release|x64
		{7B21045C-1552-DA46-8AFE-7768870D897B}.Debug|Win32.ActiveCfg = Debug|Win32
		{7B21045C-1552-DA46-8AFE-7768870D897B}.Debug|Win32.Build.0 = Debug|Win32
		{7B21045C-1552-DA46-8AFE-7768870D897B}.Debug|x64.ActiveCfg = Debug|x64
		{7B21045C-1552-DA46-8AFE-7768870D897B}.Debug|x64.Build.0 = Debug|x64
		{4EBFE87A-1F31-DD47-9D9B-6E2B40DB7424}.Release|Win32.ActiveCfg = Release|Win32
		{4EBFE87A-1F31-DD47-9D9B-6E2B40DB7424}.Release|Win32.Build.0 = Release|Win32
		{4EBFE87A-1F31-DD47-9D9B-6E2B40DB7424}.Release|x64.ActiveCfg = Release|x64
		{4EBFE87A-1F31-DD47-9D9B-6E2B40DB7424}.Release|x64.Build.0 = Release|x64
		{4EBFE87A-1F31-DD47-9D9B-6E2B40DB7424}.Debug|Win32.ActiveCfg = Debug|Win32
		{4EBFE87A-1F31-DD47-9D9B-6E2B40DB7424}.Debug|Win32.Build.0 = Debug|Win32
		{4EBFE87A-1F31-DD47-9D9B-6E2B40DB7424}.Debug|x64.ActiveCfg = Debug|x64
		{4EBFE87A-1F31-DD47-9D9B-6E2B40DB7424}.Debug|x64.Build.0 = Debug|x64
		{619B413B-930D-6F45-A011-1F15592F04DF}.Release|Win32.ActiveCfg = Release|Win32
		{619B413B-930D-6F45-A011-1F15592F04DF}.Release|Win32.Build.0 = Release|Win32
		{619B413B-930D-6F45-A011-1F15592F04DF}.Release|x64.ActiveCfg = Release|x64
		{619B413B-930D-6F45-A011-1F15592F04DF}.Release|x64.Build.0 = Release|x64
		{619B413B-930D-6F45-A011-1F15592F04DF}.Debug|Win32.ActiveCfg = Debug|Win32
		{619B413B-930D-6F45-A011-1F15592F04DF}.Debug|Win32.Build.0 = Debug|Win32
		{619B413B-930D-6F45-A011-1F15592F04DF}.Debug|x64.ActiveCfg = Debug|x64
		{619B413B-930D-6F45-A011-1F15592F04DF}.Debug|x64.Build.0 = Debug|x64
		{0E60DF07-32D0-D742-A5A9-4B43A8F65E52}.Release|Win32.ActiveCfg = Release|Win32
		{0E60DF07-32D0-D742-A5A9-4B43A8F65E52}.Release|Win32.Build.0 = Release|Win32
		{0E60DF07-32D0-D742-A5A9-4B43A8F65E52}.Release|x64.ActiveCfg = Release|x64
		{0E60DF07-32D0-D742-A5A9-4B43A8F65E52}.Release|x64.Build.0 = Release|x64
		{0E60DF07-32D0-D742-A5A9-4B43A8F65E52}.Debug|Win32.ActiveCfg = Debug|Win32
		{0E60DF07-32D0-D742-A5A9-4B43A8F65E52}.Debug|Win32.Build.0 = Debug|Win32
		{0E60DF07-32D0-D742-A5A9-4B43A8F65E52}.Debug|x64.ActiveCfg = Debug|x64
		{0E60DF07-32D0-D742-A5A9-4B43A8F65E52}.Debug|x64.Build.0 = Debug|x64
		{3F7DE287-B2EC-934C-BCD1-20A4C88F7DDE}.Release|Win32.ActiveCfg = Release|Win32
		{3F7DE287-B2EC-934C-BCD1-20A4C88F7DDE}.Release|Win32.Build.0 = Release|Win32
		{3F7DE287-B2EC-934C-BCD1-20A4C88F7DDE}.Release|x64.ActiveCfg = Release|x64
		{3F7DE287-B2EC-934C-BCD1-20A4C88F7DDE}.Release|x64.Build.0 = Release|x64
		{3F7DE287-B2EC-934C-BCD1-20A4C88F7DDE}.Debug|Win32.ActiveCfg = Debug|Win32
		{3F7DE287-B2EC-934C-BCD1-20A4C88F7DDE}.Debug|Win32.Build.0 = Debug|Win32
		{3F7DE287-B2EC-934C-BCD1-20A4C88F7DDE}.Debug|x64.ActiveCfg = Debug|x64
		{3F7DE287-B2EC-934C-BCD1-20A4C88F7DDE}.Debug|x64.Build.0 = Debug|x64
		{093E0C86-5DC6-9A41-984C-3473DE3136EC}.Release|Win32.ActiveCfg = Release|Win32
		{093E0C86-5DC6-9A41-984C-3473DE3136EC}.Release|Win32.Build.0 = Release|Win32
		{093E0C86-5DC6-9A41-984C-3473DE3136EC}.Release|x64.ActiveCfg = Release|x64
		{093E0C86-5DC6-9A41-984C-3473DE3136EC}.Release|x64.Build.0 = Release|x64
		{093E0C86-5DC6-9A41-984C-3473DE3136EC}.Debug|Win32.ActiveCfg = Debug|Win32
		{093E0C86-5DC6-9A41-984C-3473DE3136EC}.Debug|Win32.Build.0 = Debug|Win32
		{093E0C86-5DC6-9A41-984C-3473DE3136EC}.Debug|x64.ActiveCfg = Debug|x64
		{093E0C86-5DC6-9A41-984C-3473DE3136EC}.Debug|x64.Build.0 = Debug|x64
		{6BD6C410-ECF5-7440-883D-2D2E3D6CB241}.Release|Win32.ActiveCfg = Release|Win32
		{6BD6C410-ECF5-7440-883D-2D2E3D6CB241}.Release|Win32.Build.0 = Release|Win32
		{6BD6C410-ECF5-7440-883D-2D2E3D6CB241}.Release|x64.ActiveCfg = Release|x64
		{6BD6C410-ECF5-7440-883D-2D2E3D6CB241}.Release|x64.Build.0 = Release|x64
		{6BD6C410-ECF5-7440-883D-2D2E3D6CB241}.Debug|Win32.ActiveCfg = Debug|Win32
		{6BD6C410-ECF5-7440-883D-2D2E3D6CB241}.Debug|Win32.Build.0 = Debug|Win32
		{6BD6C410-ECF5-7440-883D-2D2E3D6CB241}.Debug|x64.ActiveCfg = Debug|x64
		{6BD6C410-ECF5-7440-883D-2D2E3D6CB241}.Debug|x64.Build.0 = Debug|x64
		{8B92A098-8D38-2640-8E55-AC1736D9B45E}.Release|Win32.ActiveCfg = Release|Win32
		{8B92A098-8D38-2640-8E55-AC1736D9B45E}.Release|Win32.Build.0 = Release|Win32
		{8B92A098-8D38-2640-8E55-AC1736D9B45E}.Release|x64.ActiveCfg = Release|x64
		{8B92A098-8D38-2640-8E55-AC1736D9B45E}.Release|x64.Build.0 = Release|x64
		{8B92A098-8D38-2640-8E55-AC1736D9B45E}.Debug|Win32.ActiveCfg = Debug|Win32
		{8B92A098-8D38-2640-8E55-AC1736D9B45E}.Debug|Win32.Build.0 = Debug|Win32
		{8B92A098-8D38-2640-8E55-AC1736D9B45E}.Debug|x64.ActiveCfg = Debug|x64
		{8B92A098-8D38-2640-8E55-AC1736D9B45E}.Debug|x64.Build.0 = Debug|x64
		{8B799994-184F-FA4F-9BF8-4F7FC8125266}.Release|Win32.ActiveCfg = Release|Win32
		{8B799994-184F-FA4F-9BF8-4F7FC8125266}.Release|Win32.Build.0 = Release|Win32
		{8B799994-184F-FA4F-9BF8-4F7FC8125266}.Release|x64.ActiveCfg = Release|x64
		{8B799994-184F-FA4F-9BF8-4F7FC8125266}.Release|x64.Build.0 = Release|x64
		{8B799994-184F-FA4F-9BF8-4F7FC8125266}.Debug|Win32.ActiveCfg = Debug|Win32
		{8B799994-184F-FA4F-9BF8-4F7FC8125266}.Debug|Win32.Build.0 = Debug|Win32
		{8B799994-184F-FA4F-9BF8-4F7FC8125266}.Debug|x64.ActiveCfg = Debug|x64
		{8B799994-184F-FA4F-9BF8-4F7FC8125266}.Debug|x64.Build.0 = Debug|x64
		{96BB55BD-93D1-DC4D-94F2-F944E2D624B0}.Release|Win32.ActiveCfg = Release|Win32
		{96BB55BD-93D1-DC4D-94F2-F944E2D624B0}.Release|Win32.Build.0 = Release|Win32
		{96BB55BD-93D1-DC4D-94F2-F944E2D624B0}.Release|x64.ActiveCfg = Release|x64
		{96BB55BD-93D1-DC4D-94F2-F944E2D624B0}.Release|x64.Build.0 = Release|x64
		{96BB55BD-93D1-DC4D-94F2-F944E2D624B0}.Debug|Win32.ActiveCfg = Debug|Win32
		{96BB55BD-93D1-DC4D-94F2-F944E2D624B0}.Debug|Win32.Build.0 = Debug|Win32
		{96BB55BD-93D1-DC4D-94F2-F944E2D624B0}.Debug|x64.ActiveCfg = Debug|x64
		{96BB55BD-93D1-DC4D-94F2-F944E2D624B0}.Debug|x64.Build.0 = Debug|x64
		{1EA06E1C-B9E3-0B46-A90E-855BF472EB73}.Release|Win32.ActiveCfg = Release|Win32
		{1EA06E1C-B9E3-0B46-A90E-855BF472EB73}.Release|Win32.Build.0 = Release|Win32
		{1EA06E1C-B9E3-0B46-A90E-855BF472EB73}.Release|x64.ActiveCfg = Release|x64
		{1EA06E1C-B9E3-0B46-A90E-855BF472EB73}.Release|x64.Build.0 = Release|x64
		{1EA06E1C-B9E3-0B46-A90E-855BF472EB73}.Debug|Win32.ActiveCfg = Debug|Win32
		{1EA06E1C-B9E3-0B46-A90E-855BF472EB73}.Debug|Win32.Build.0 = Debug|Win32
		{1EA06E1C-B9E3-0B46-A90E-855BF472EB73}.Debug|x64.ActiveCfg = Debug|x64
		{1EA06E1C-B9E3-0B46-A90E-855BF472EB73}.Debug|x64.Build.0 = Debug|x64
		{3DC7185C-3711-6D46-89BF-ACF038A70A57}.Release|Win32.ActiveCfg = Release|Win32
		{3DC7185C-3711-6D46-89BF-ACF038A70A57}.Release|Win32.Build.0 = Release|Win32
		{3DC7185C-3711-6D46-89BF-ACF038A70A57}.Release|x64.ActiveCfg = Release|x64
		{3DC7185C-3711-6D46-89BF-ACF038A70A57}.Release|x64.Build.0 = Release|x64
		{3DC7185C-3711-6D46-89BF-ACF038A70A57}.Debug|Win32.ActiveCfg = Debug|Win32
		{3DC7185C-3711-6D46-89BF-ACF038A70A57}.Debug|Win32.Build.0 = Debug|Win32
		{3DC7185C-3711-6D46-89BF-ACF038A70A57}.Debug|x64.ActiveCfg = Debug|x64
		{3DC7185C-3711-6D46-89BF-ACF038A70A57}.Debug|x64.Build.0 = Debug|x64
	EndGlobalSection
	GlobalSection(SolutionProperties) = preSolution
		HideSolutionNode = FALSE
	EndGlobalSection
EndGlobal
