<?xml version="1.0" encoding="utf-8"?>
<Project ToolsVersion="4.0" xmlns="http://schemas.microsoft.com/developer/msbuild/2003">
  <ItemGroup>
    <Filter Include="examples">
      <UniqueIdentifier>{EF55B0BE-C4ED-7D44-B7D6-A4C9626CA9F6}</UniqueIdentifier>
    </Filter>
    <Filter Include="examples\ThirdPartyLibs">
      <UniqueIdentifier>{F7805524-5F9F-5E4B-BA74-E7F7CF5571EC}</UniqueIdentifier>
    </Filter>
    <Filter Include="examples\ThirdPartyLibs\Glew">
      <UniqueIdentifier>{C4EDAFAF-10E4-F444-A804-EE204B0907F9}</UniqueIdentifier>
    </Filter>
    <Filter Include="examples\SimpleOpenGL3">
      <UniqueIdentifier>{FBC41242-DDE8-1940-A378-2A5D3A01DF3F}</UniqueIdentifier>
    </Filter>
  </ItemGroup>
  <ItemGroup>
    <ClCompile Include="..\..\examples\ThirdPartyLibs\Glew\glew.c">
      <Filter>examples\ThirdPartyLibs\Glew</Filter>
    </ClCompile>
    <ClCompile Include="..\..\examples\SimpleOpenGL3\main.cpp">
      <Filter>examples\SimpleOpenGL3</Filter>
    </ClCompile>
  </ItemGroup>
</Project>
