<?xml version="1.0" encoding="utf-8"?>
<Project ToolsVersion="4.0" xmlns="http://schemas.microsoft.com/developer/msbuild/2003">
  <ItemGroup>
    <Filter Include="examples">
      <UniqueIdentifier>{9416BE36-85B4-1F48-BB91-487420DA6392}</UniqueIdentifier>
    </Filter>
    <Filter Include="examples\ThirdPartyLibs">
      <UniqueIdentifier>{61F37AF9-D7E7-0B41-B40E-AC100A286E8A}</UniqueIdentifier>
    </Filter>
    <Filter Include="examples\ThirdPartyLibs\Glew">
      <UniqueIdentifier>{3E4B0779-0126-E042-80C3-E4B05E0F46F1}</UniqueIdentifier>
    </Filter>
    <Filter Include="examples\TinyRenderer">
      <UniqueIdentifier>{7D6DBCE9-4E11-B84F-969E-E3272E35FAF2}</UniqueIdentifier>
    </Filter>
    <Filter Include="examples\Utils">
      <UniqueIdentifier>{95962E4E-B3D1-C345-9608-187125A6A09B}</UniqueIdentifier>
    </Filter>
  </ItemGroup>
  <ItemGroup>
    <ClInclude Include="..\..\examples\TinyRenderer\geometry.h">
      <Filter>examples\TinyRenderer</Filter>
    </ClInclude>
    <ClInclude Include="..\..\examples\TinyRenderer\model.h">
      <Filter>examples\TinyRenderer</Filter>
    </ClInclude>
    <ClInclude Include="..\..\examples\TinyRenderer\our_gl.h">
      <Filter>examples\TinyRenderer</Filter>
    </ClInclude>
    <ClInclude Include="..\..\examples\TinyRenderer\tgaimage.h">
      <Filter>examples\TinyRenderer</Filter>
    </ClInclude>
    <ClInclude Include="..\..\examples\TinyRenderer\TinyRenderer.h">
      <Filter>examples\TinyRenderer</Filter>
    </ClInclude>
  </ItemGroup>
  <ItemGroup>
    <ClCompile Include="..\..\examples\ThirdPartyLibs\Glew\glew.c">
      <Filter>examples\ThirdPartyLibs\Glew</Filter>
    </ClCompile>
    <ClCompile Include="..\..\examples\TinyRenderer\geometry.cpp">
      <Filter>examples\TinyRenderer</Filter>
    </ClCompile>
    <ClCompile Include="..\..\examples\TinyRenderer\main.cpp">
      <Filter>examples\TinyRenderer</Filter>
    </ClCompile>
    <ClCompile Include="..\..\examples\TinyRenderer\model.cpp">
      <Filter>examples\TinyRenderer</Filter>
    </ClCompile>
    <ClCompile Include="..\..\examples\TinyRenderer\our_gl.cpp">
      <Filter>examples\TinyRenderer</Filter>
    </ClCompile>
    <ClCompile Include="..\..\examples\TinyRenderer\tgaimage.cpp">
      <Filter>examples\TinyRenderer</Filter>
    </ClCompile>
    <ClCompile Include="..\..\examples\TinyRenderer\TinyRenderer.cpp">
      <Filter>examples\TinyRenderer</Filter>
    </ClCompile>
    <ClCompile Include="..\..\examples\Utils\b3ResourcePath.cpp">
      <Filter>examples\Utils</Filter>
    </ClCompile>
  </ItemGroup>
</Project>
