<?xml version="1.0" encoding="utf-8"?>
<Project ToolsVersion="4.0" xmlns="http://schemas.microsoft.com/developer/msbuild/2003">
  <ItemGroup>
    <Filter Include="examples">
      <UniqueIdentifier>{F8590E55-7040-F540-A500-F7CD3D13C48B}</UniqueIdentifier>
    </Filter>
    <Filter Include="examples\ThirdPartyLibs">
      <UniqueIdentifier>{D29639AB-2CB4-0D4E-9489-115B9FF16DBC}</UniqueIdentifier>
    </Filter>
    <Filter Include="examples\ThirdPartyLibs\midi">
      <UniqueIdentifier>{3C4389FA-6004-234F-BC52-FDC969C2B98D}</UniqueIdentifier>
    </Filter>
  </ItemGroup>
  <ItemGroup>
    <ClInclude Include="..\..\examples\ThirdPartyLibs\midi\RtError.h">
      <Filter>examples\ThirdPartyLibs\midi</Filter>
    </ClInclude>
    <ClInclude Include="..\..\examples\ThirdPartyLibs\midi\RtMidi.h">
      <Filter>examples\ThirdPartyLibs\midi</Filter>
    </ClInclude>
  </ItemGroup>
  <ItemGroup>
    <ClCompile Include="..\..\examples\ThirdPartyLibs\midi\cmidiin.cpp">
      <Filter>examples\ThirdPartyLibs\midi</Filter>
    </ClCompile>
    <ClCompile Include="..\..\examples\ThirdPartyLibs\midi\RtMidi.cpp">
      <Filter>examples\ThirdPartyLibs\midi</Filter>
    </ClCompile>
  </ItemGroup>
</Project>
