<?xml version="1.0" encoding="utf-8"?>
<Project ToolsVersion="4.0" xmlns="http://schemas.microsoft.com/developer/msbuild/2003">
  <ItemGroup>
    <Filter Include="test">
      <UniqueIdentifier>{81AEA2E4-59FC-A241-B188-40176ACFB78B}</UniqueIdentifier>
    </Filter>
    <Filter Include="test\enet">
      <UniqueIdentifier>{39A0FD2F-F36A-AF41-ACFD-8BC39AFB7677}</UniqueIdentifier>
    </Filter>
    <Filter Include="test\enet\chat">
      <UniqueIdentifier>{7A335BF1-1779-4C4A-B1C2-CC715CB10DF4}</UniqueIdentifier>
    </Filter>
    <Filter Include="test\enet\chat\server">
      <UniqueIdentifier>{B9FB952E-0CA5-D743-8CDB-1E0B65D020BB}</UniqueIdentifier>
    </Filter>
  </ItemGroup>
  <ItemGroup>
    <ClCompile Include="..\..\test\enet\chat\server\main.cpp">
      <Filter>test\enet\chat\server</Filter>
    </ClCompile>
  </ItemGroup>
</Project>
