<?xml version="1.0" encoding="utf-8"?>
<Project ToolsVersion="4.0" xmlns="http://schemas.microsoft.com/developer/msbuild/2003">
  <ItemGroup>
    <Filter Include="Extras">
      <UniqueIdentifier>{CCBCCFC9-CBBA-0247-A535-B3DFA92A0486}</UniqueIdentifier>
    </Filter>
    <Filter Include="Extras\VHACD">
      <UniqueIdentifier>{73FF97FF-06A3-2245-9EBE-3D7EEB8EDFAE}</UniqueIdentifier>
    </Filter>
    <Filter Include="Extras\VHACD\src">
      <UniqueIdentifier>{BBBE89F4-3C15-364E-A604-37CADB5F21FC}</UniqueIdentifier>
    </Filter>
  </ItemGroup>
  <ItemGroup>
    <ClCompile Include="..\..\Extras\VHACD\src\btAlignedAllocator.cpp">
      <Filter>Extras\VHACD\src</Filter>
    </ClCompile>
    <ClCompile Include="..\..\Extras\VHACD\src\btConvexHullComputer.cpp">
      <Filter>Extras\VHACD\src</Filter>
    </ClCompile>
    <ClCompile Include="..\..\Extras\VHACD\src\VHACD.cpp">
      <Filter>Extras\VHACD\src</Filter>
    </ClCompile>
    <ClCompile Include="..\..\Extras\VHACD\src\vhacdICHull.cpp">
      <Filter>Extras\VHACD\src</Filter>
    </ClCompile>
    <ClCompile Include="..\..\Extras\VHACD\src\vhacdManifoldMesh.cpp">
      <Filter>Extras\VHACD\src</Filter>
    </ClCompile>
    <ClCompile Include="..\..\Extras\VHACD\src\vhacdMesh.cpp">
      <Filter>Extras\VHACD\src</Filter>
    </ClCompile>
    <ClCompile Include="..\..\Extras\VHACD\src\vhacdVolume.cpp">
      <Filter>Extras\VHACD\src</Filter>
    </ClCompile>
  </ItemGroup>
</Project>
